// !$*UTF8*$!
{
	archiveVersion = 1;
	classes = {
	};
	objectVersion = 51;
	objects = {

/* Begin PBXBuildFile section */
		46FF6EF1996C4490FCB94A82 /* Pods_PillReminderTests.framework in Frameworks */ = {isa = PBXBuildFile; fileRef = 0C7FFD4E2395C77D24DA5535 /* Pods_PillReminderTests.framework */; };
		481766E5EF96CBEA7BED5B24 /* Pods_PillReminder.framework in Frameworks */ = {isa = PBXBuildFile; fileRef = 71B2A52855D610FE6C294757 /* Pods_PillReminder.framework */; };
		5A0544722560216E00635461 /* DeviceTypesConstraints.swift in Sources */ = {isa = PBXBuildFile; fileRef = 5A0544712560216D00635461 /* DeviceTypesConstraints.swift */; };
		5A1AE7E0247EAB510094F17B /* NewMedicationSettingsViewController.swift in Sources */ = {isa = PBXBuildFile; fileRef = 5A1AE7DF247EAB510094F17B /* NewMedicationSettingsViewController.swift */; };
		5A23866F25AF18DC00289FFE /* UserMedicationInfoDataSource.swift in Sources */ = {isa = PBXBuildFile; fileRef = 5A23866E25AF18DC00289FFE /* UserMedicationInfoDataSource.swift */; };
		5A2386DE25B08DE100289FFE /* UserMedicationInfoDelegate.swift in Sources */ = {isa = PBXBuildFile; fileRef = 5A2386DD25B08DE100289FFE /* UserMedicationInfoDelegate.swift */; };
		5A2386E325B08E8600289FFE /* UserMedicationInfoView.swift in Sources */ = {isa = PBXBuildFile; fileRef = 5A2386E225B08E8600289FFE /* UserMedicationInfoView.swift */; };
		5A3AED5124F6F617007ADC39 /* CurrentMedicationSettingsViewModel.swift in Sources */ = {isa = PBXBuildFile; fileRef = 5A3AED5024F6F617007ADC39 /* CurrentMedicationSettingsViewModel.swift */; };
		5A3AED5324F6F72E007ADC39 /* Alerts.swift in Sources */ = {isa = PBXBuildFile; fileRef = 5A3AED5224F6F72E007ADC39 /* Alerts.swift */; };
		5A3D003C24727FC300AD1B94 /* GoogleService-Info.plist in Resources */ = {isa = PBXBuildFile; fileRef = 5A3D003B24727FC200AD1B94 /* GoogleService-Info.plist */; };
		5A4BA9E52465D105008AF20B /* SceneDelegate.swift in Sources */ = {isa = PBXBuildFile; fileRef = 5A4BA9E32465D105008AF20B /* SceneDelegate.swift */; };
		5A4BA9E62465D105008AF20B /* AppDelegate.swift in Sources */ = {isa = PBXBuildFile; fileRef = 5A4BA9E42465D105008AF20B /* AppDelegate.swift */; };
		5A582B8D2473FEFC00247D19 /* UIViewController+Extensions.swift in Sources */ = {isa = PBXBuildFile; fileRef = 5A582B8C2473FEFC00247D19 /* UIViewController+Extensions.swift */; };
		5A582B9A2474583700247D19 /* PillReminderMainCustomLabel.swift in Sources */ = {isa = PBXBuildFile; fileRef = 5A582B902474583600247D19 /* PillReminderMainCustomLabel.swift */; };
		5A582BA42474596700247D19 /* TabBarController.swift in Sources */ = {isa = PBXBuildFile; fileRef = 5A582BA32474596700247D19 /* TabBarController.swift */; };
		5A6A118B2473D1FF006E4B2F /* (null) in Sources */ = {isa = PBXBuildFile; };
		5A7138222504FB0A0052F668 /* LoginScreenView.swift in Sources */ = {isa = PBXBuildFile; fileRef = 5A7138212504FB0A0052F668 /* LoginScreenView.swift */; };
		5A78FC3824FFC01200011DD1 /* LaunchScreen.storyboard in Resources */ = {isa = PBXBuildFile; fileRef = 5A78FC3624FFC01200011DD1 /* LaunchScreen.storyboard */; };
		5A78FC3924FFC01200011DD1 /* LaunchScreen.storyboard in Resources */ = {isa = PBXBuildFile; fileRef = 5A78FC3624FFC01200011DD1 /* LaunchScreen.storyboard */; };
		5A78FC3A24FFC01200011DD1 /* LaunchScreen.storyboard in Resources */ = {isa = PBXBuildFile; fileRef = 5A78FC3624FFC01200011DD1 /* LaunchScreen.storyboard */; };
		5A78FC4024FFC10400011DD1 /* Localizable.strings in Resources */ = {isa = PBXBuildFile; fileRef = 5A78FC4424FFC10400011DD1 /* Localizable.strings */; };
		5A78FC4124FFC10400011DD1 /* Localizable.strings in Resources */ = {isa = PBXBuildFile; fileRef = 5A78FC4424FFC10400011DD1 /* Localizable.strings */; };
		5A78FC4224FFC10400011DD1 /* Localizable.strings in Resources */ = {isa = PBXBuildFile; fileRef = 5A78FC4424FFC10400011DD1 /* Localizable.strings */; };
		5A78FC472502B58900011DD1 /* NewMedicationSettingsView.swift in Sources */ = {isa = PBXBuildFile; fileRef = 5A78FC462502B58900011DD1 /* NewMedicationSettingsView.swift */; };
		5A82248C24FE6CA6003BD716 /* UIColor+Extensions.swift in Sources */ = {isa = PBXBuildFile; fileRef = 5A82248B24FE6CA6003BD716 /* UIColor+Extensions.swift */; };
		5A82DEA724F9832E00788E36 /* Images.swift in Sources */ = {isa = PBXBuildFile; fileRef = 5A82DEA624F9832E00788E36 /* Images.swift */; };
		5A8572C3252268F400C58DA2 /* PillReminderProgramCustomTextFields.swift in Sources */ = {isa = PBXBuildFile; fileRef = 5A8572C2252268F400C58DA2 /* PillReminderProgramCustomTextFields.swift */; };
		5A8572C5252270D800C58DA2 /* PillReminderProgramCustomLabel.swift in Sources */ = {isa = PBXBuildFile; fileRef = 5A8572C4252270D800C58DA2 /* PillReminderProgramCustomLabel.swift */; };
		5A893FD0249A2C5D008F69A5 /* TitleAndInputMedicationView.swift in Sources */ = {isa = PBXBuildFile; fileRef = 5A893FCF249A2C5D008F69A5 /* TitleAndInputMedicationView.swift */; };
		5A977D432545BA95009A1A58 /* TakeAPillAlertController.swift in Sources */ = {isa = PBXBuildFile; fileRef = 5A977D422545BA95009A1A58 /* TakeAPillAlertController.swift */; };
		5A977D4B2546C9E0009A1A58 /* TakeAPillView.swift in Sources */ = {isa = PBXBuildFile; fileRef = 5A977D4A2546C9E0009A1A58 /* TakeAPillView.swift */; };
		5A9813B6256A4BFC00A019C5 /* PillReminderImageView.swift in Sources */ = {isa = PBXBuildFile; fileRef = 5A9813B5256A4BFC00A019C5 /* PillReminderImageView.swift */; };
		5A9813BE2572C70800A019C5 /* ReminderCell.swift in Sources */ = {isa = PBXBuildFile; fileRef = 5A9813BD2572C70800A019C5 /* ReminderCell.swift */; };
		5A9813CE2573C55700A019C5 /* ReminderViewModel.swift in Sources */ = {isa = PBXBuildFile; fileRef = 5A9813CD2573C55700A019C5 /* ReminderViewModel.swift */; };
		5AA21ACA24D02BA0000C6F47 /* UserMedicationInfoViewModel.swift in Sources */ = {isa = PBXBuildFile; fileRef = 5AA21AC924D02BA0000C6F47 /* UserMedicationInfoViewModel.swift */; };
		5AA21ACE24D32692000C6F47 /* UserMedicationDetailModel.swift in Sources */ = {isa = PBXBuildFile; fileRef = 5AA21ACD24D32692000C6F47 /* UserMedicationDetailModel.swift */; };
		5AA21AD224DD806E000C6F47 /* NewMedicationViewModel.swift in Sources */ = {isa = PBXBuildFile; fileRef = 5AA21AD124DD806E000C6F47 /* NewMedicationViewModel.swift */; };
		5AA21AD424E537AE000C6F47 /* CurrentMedicationSettingsViewController.swift in Sources */ = {isa = PBXBuildFile; fileRef = 5AA21AD324E537AE000C6F47 /* CurrentMedicationSettingsViewController.swift */; };
		5AA9D0A32477F80D007D85DA /* UserMedicationDetailViewController.swift in Sources */ = {isa = PBXBuildFile; fileRef = 5AA9D0A22477F80D007D85DA /* UserMedicationDetailViewController.swift */; };
		5AB59DEA248701C400E78BD9 /* PillReminderMainCustomTextField.swift in Sources */ = {isa = PBXBuildFile; fileRef = 5AB59DE9248701C400E78BD9 /* PillReminderMainCustomTextField.swift */; };
		5ACB65B224AA41D800F3D454 /* LoginScreenViewModel.swift in Sources */ = {isa = PBXBuildFile; fileRef = 5ACB65B124AA41D800F3D454 /* LoginScreenViewModel.swift */; };
		5ACB65BF24B8A19900F3D454 /* FirebaseManager.swift in Sources */ = {isa = PBXBuildFile; fileRef = 5ACB65BE24B8A19900F3D454 /* FirebaseManager.swift */; };
		5ACFD99425B1233200E6FAE4 /* UserMedicationDetailViewModel.swift in Sources */ = {isa = PBXBuildFile; fileRef = 5ACFD99325B1233200E6FAE4 /* UserMedicationDetailViewModel.swift */; };
		5AD3E496246D9EC700882154 /* CustomCollectionViewHeader.swift in Sources */ = {isa = PBXBuildFile; fileRef = 5AD3E495246D9EC700882154 /* CustomCollectionViewHeader.swift */; };
		5AD3E498246DB20500882154 /* CustomCell.swift in Sources */ = {isa = PBXBuildFile; fileRef = 5AD3E497246DB20500882154 /* CustomCell.swift */; };
		5ADAF55025A068EF00EAA41D /* UserModel.swift in Sources */ = {isa = PBXBuildFile; fileRef = 5ADAF54F25A068EF00EAA41D /* UserModel.swift */; };
		5ADB92DA248E4FF80097F9E1 /* WelcomeView.swift in Sources */ = {isa = PBXBuildFile; fileRef = 5ADB92D9248E4FF80097F9E1 /* WelcomeView.swift */; };
		5ADFC2C1248402FF008E9282 /* PillModel.swift in Sources */ = {isa = PBXBuildFile; fileRef = 5ADFC2C0248402FF008E9282 /* PillModel.swift */; };
		5ADFC2C324854870008E9282 /* CurrentMedicationSettingsView.swift in Sources */ = {isa = PBXBuildFile; fileRef = 5ADFC2C224854870008E9282 /* CurrentMedicationSettingsView.swift */; };
		5ADFC2CA24856BB7008E9282 /* UserMedicationDetailView.swift in Sources */ = {isa = PBXBuildFile; fileRef = 5ADFC2C924856BB7008E9282 /* UserMedicationDetailView.swift */; };
		5AE4476324E6F1E600CC9DA4 /* AddMedicationCell.swift in Sources */ = {isa = PBXBuildFile; fileRef = 5AE4476224E6F1E600CC9DA4 /* AddMedicationCell.swift */; };
		5AE9EA7F246ACC400090A1D2 /* UserMedicationInfoViewController.swift in Sources */ = {isa = PBXBuildFile; fileRef = 5AE9EA7E246ACC400090A1D2 /* UserMedicationInfoViewController.swift */; };
		5AE9EA81246AD0040090A1D2 /* ReminderForMedicationViewController.swift in Sources */ = {isa = PBXBuildFile; fileRef = 5AE9EA80246AD0040090A1D2 /* ReminderForMedicationViewController.swift */; };
		5AEC6E1A24F51AE30052D16B /* Errors.swift in Sources */ = {isa = PBXBuildFile; fileRef = 5AEC6E1924F51AE30052D16B /* Errors.swift */; };
		5AEC6E1C24F54B760052D16B /* ForgotPasswordViewController.swift in Sources */ = {isa = PBXBuildFile; fileRef = 5AEC6E1B24F54B760052D16B /* ForgotPasswordViewController.swift */; };
		5AEC6E1F24F553010052D16B /* ForgotPasswordView.swift in Sources */ = {isa = PBXBuildFile; fileRef = 5AEC6E1E24F553010052D16B /* ForgotPasswordView.swift */; };
		5AEC6E2124F567F90052D16B /* ForgotPasswordViewModel.swift in Sources */ = {isa = PBXBuildFile; fileRef = 5AEC6E2024F567F90052D16B /* ForgotPasswordViewModel.swift */; };
		5AFED61D2461813400EF7C1A /* PR_App.xcdatamodeld in Sources */ = {isa = PBXBuildFile; fileRef = 5AFED61B2461813400EF7C1A /* PR_App.xcdatamodeld */; };
		5AFED61F2461813500EF7C1A /* Assets.xcassets in Resources */ = {isa = PBXBuildFile; fileRef = 5AFED61E2461813500EF7C1A /* Assets.xcassets */; };
		5AFED62D2461813500EF7C1A /* PR_AppTests.swift in Sources */ = {isa = PBXBuildFile; fileRef = 5AFED62C2461813500EF7C1A /* PR_AppTests.swift */; };
		5AFED6382461813600EF7C1A /* PR_AppUITests.swift in Sources */ = {isa = PBXBuildFile; fileRef = 5AFED6372461813600EF7C1A /* PR_AppUITests.swift */; };
		5AFED64F2461A8F000EF7C1A /* LoginScreenViewController.swift in Sources */ = {isa = PBXBuildFile; fileRef = 5AFED64E2461A8F000EF7C1A /* LoginScreenViewController.swift */; };
		AB217B302461CF0B00742EB1 /* Constants.swift in Sources */ = {isa = PBXBuildFile; fileRef = AB217B2F2461CF0B00742EB1 /* Constants.swift */; };
		AB217B342461FD3100742EB1 /* PillReminderMainCustomButton.swift in Sources */ = {isa = PBXBuildFile; fileRef = AB217B332461FD3100742EB1 /* PillReminderMainCustomButton.swift */; };
		ABF726A42463A46100C903B7 /* UIView+Extensions.swift in Sources */ = {isa = PBXBuildFile; fileRef = ABF726A32463A46100C903B7 /* UIView+Extensions.swift */; };
		E73A81411D772F1944EFF8DA /* Pods_PillReminder_PillReminderUITests.framework in Frameworks */ = {isa = PBXBuildFile; fileRef = 8A32A8ED3F40D201563B6D42 /* Pods_PillReminder_PillReminderUITests.framework */; };
/* End PBXBuildFile section */

/* Begin PBXContainerItemProxy section */
		5AFED6292461813500EF7C1A /* PBXContainerItemProxy */ = {
			isa = PBXContainerItemProxy;
			containerPortal = 5AFED6072461813400EF7C1A /* Project object */;
			proxyType = 1;
			remoteGlobalIDString = 5AFED60E2461813400EF7C1A;
			remoteInfo = "PR-App";
		};
		5AFED6342461813600EF7C1A /* PBXContainerItemProxy */ = {
			isa = PBXContainerItemProxy;
			containerPortal = 5AFED6072461813400EF7C1A /* Project object */;
			proxyType = 1;
			remoteGlobalIDString = 5AFED60E2461813400EF7C1A;
			remoteInfo = "PR-App";
		};
/* End PBXContainerItemProxy section */

/* Begin PBXFileReference section */
		0C7FFD4E2395C77D24DA5535 /* Pods_PillReminderTests.framework */ = {isa = PBXFileReference; explicitFileType = wrapper.framework; includeInIndex = 0; path = Pods_PillReminderTests.framework; sourceTree = BUILT_PRODUCTS_DIR; };
		4098D0061B7B4F71A7C0155E /* Pods-PillReminder-PillReminderUITests.release.xcconfig */ = {isa = PBXFileReference; includeInIndex = 1; lastKnownFileType = text.xcconfig; name = "Pods-PillReminder-PillReminderUITests.release.xcconfig"; path = "Target Support Files/Pods-PillReminder-PillReminderUITests/Pods-PillReminder-PillReminderUITests.release.xcconfig"; sourceTree = "<group>"; };
		48F2EEBFDE804C0A9CEA25B2 /* Pods-PillReminder.debug.xcconfig */ = {isa = PBXFileReference; includeInIndex = 1; lastKnownFileType = text.xcconfig; name = "Pods-PillReminder.debug.xcconfig"; path = "Target Support Files/Pods-PillReminder/Pods-PillReminder.debug.xcconfig"; sourceTree = "<group>"; };
		5A0544712560216D00635461 /* DeviceTypesConstraints.swift */ = {isa = PBXFileReference; lastKnownFileType = sourcecode.swift; path = DeviceTypesConstraints.swift; sourceTree = "<group>"; };
		5A1AE7DF247EAB510094F17B /* NewMedicationSettingsViewController.swift */ = {isa = PBXFileReference; lastKnownFileType = sourcecode.swift; path = NewMedicationSettingsViewController.swift; sourceTree = "<group>"; };
		5A23866E25AF18DC00289FFE /* UserMedicationInfoDataSource.swift */ = {isa = PBXFileReference; lastKnownFileType = sourcecode.swift; path = UserMedicationInfoDataSource.swift; sourceTree = "<group>"; };
		5A2386DD25B08DE100289FFE /* UserMedicationInfoDelegate.swift */ = {isa = PBXFileReference; lastKnownFileType = sourcecode.swift; path = UserMedicationInfoDelegate.swift; sourceTree = "<group>"; };
		5A2386E225B08E8600289FFE /* UserMedicationInfoView.swift */ = {isa = PBXFileReference; lastKnownFileType = sourcecode.swift; path = UserMedicationInfoView.swift; sourceTree = "<group>"; };
		5A3AED5024F6F617007ADC39 /* CurrentMedicationSettingsViewModel.swift */ = {isa = PBXFileReference; lastKnownFileType = sourcecode.swift; path = CurrentMedicationSettingsViewModel.swift; sourceTree = "<group>"; };
		5A3AED5224F6F72E007ADC39 /* Alerts.swift */ = {isa = PBXFileReference; lastKnownFileType = sourcecode.swift; path = Alerts.swift; sourceTree = "<group>"; };
		5A3D003B24727FC200AD1B94 /* GoogleService-Info.plist */ = {isa = PBXFileReference; fileEncoding = 4; lastKnownFileType = text.plist.xml; path = "GoogleService-Info.plist"; sourceTree = "<group>"; };
		5A4BA9E32465D105008AF20B /* SceneDelegate.swift */ = {isa = PBXFileReference; fileEncoding = 4; lastKnownFileType = sourcecode.swift; name = SceneDelegate.swift; path = "PR-App/Supporting Files/SceneDelegate.swift"; sourceTree = SOURCE_ROOT; };
		5A4BA9E42465D105008AF20B /* AppDelegate.swift */ = {isa = PBXFileReference; fileEncoding = 4; lastKnownFileType = sourcecode.swift; name = AppDelegate.swift; path = "PR-App/Supporting Files/AppDelegate.swift"; sourceTree = SOURCE_ROOT; };
		5A4BA9E72465D11F008AF20B /* Info.plist */ = {isa = PBXFileReference; lastKnownFileType = text.plist; name = Info.plist; path = "PR-App/Supporting Files/Info.plist"; sourceTree = SOURCE_ROOT; };
		5A582B8C2473FEFC00247D19 /* UIViewController+Extensions.swift */ = {isa = PBXFileReference; lastKnownFileType = sourcecode.swift; path = "UIViewController+Extensions.swift"; sourceTree = "<group>"; };
		5A582B902474583600247D19 /* PillReminderMainCustomLabel.swift */ = {isa = PBXFileReference; fileEncoding = 4; lastKnownFileType = sourcecode.swift; path = PillReminderMainCustomLabel.swift; sourceTree = "<group>"; };
		5A582BA32474596700247D19 /* TabBarController.swift */ = {isa = PBXFileReference; fileEncoding = 4; lastKnownFileType = sourcecode.swift; path = TabBarController.swift; sourceTree = "<group>"; };
		5A7138212504FB0A0052F668 /* LoginScreenView.swift */ = {isa = PBXFileReference; lastKnownFileType = sourcecode.swift; path = LoginScreenView.swift; sourceTree = "<group>"; };
		5A78FC3724FFC01200011DD1 /* Base */ = {isa = PBXFileReference; lastKnownFileType = file.storyboard; name = Base; path = "PR-App/Supporting Files/Base.lproj/LaunchScreen.storyboard"; sourceTree = SOURCE_ROOT; };
		5A78FC3B24FFC08700011DD1 /* pl */ = {isa = PBXFileReference; lastKnownFileType = text.plist.strings; name = pl; path = "../PR-App/Supporting Files/pl.lproj/LaunchScreen.strings"; sourceTree = "<group>"; };
		5A78FC4324FFC10400011DD1 /* en */ = {isa = PBXFileReference; lastKnownFileType = text.plist.strings; name = en; path = en.lproj/Localizable.strings; sourceTree = "<group>"; };
		5A78FC4524FFC10A00011DD1 /* pl */ = {isa = PBXFileReference; lastKnownFileType = text.plist.strings; name = pl; path = pl.lproj/Localizable.strings; sourceTree = "<group>"; };
		5A78FC462502B58900011DD1 /* NewMedicationSettingsView.swift */ = {isa = PBXFileReference; lastKnownFileType = sourcecode.swift; path = NewMedicationSettingsView.swift; sourceTree = "<group>"; };
		5A82248B24FE6CA6003BD716 /* UIColor+Extensions.swift */ = {isa = PBXFileReference; lastKnownFileType = sourcecode.swift; path = "UIColor+Extensions.swift"; sourceTree = "<group>"; };
		5A82DEA624F9832E00788E36 /* Images.swift */ = {isa = PBXFileReference; lastKnownFileType = sourcecode.swift; path = Images.swift; sourceTree = "<group>"; };
		5A8572C2252268F400C58DA2 /* PillReminderProgramCustomTextFields.swift */ = {isa = PBXFileReference; lastKnownFileType = sourcecode.swift; path = PillReminderProgramCustomTextFields.swift; sourceTree = "<group>"; };
		5A8572C4252270D800C58DA2 /* PillReminderProgramCustomLabel.swift */ = {isa = PBXFileReference; lastKnownFileType = sourcecode.swift; path = PillReminderProgramCustomLabel.swift; sourceTree = "<group>"; };
		5A893FCF249A2C5D008F69A5 /* TitleAndInputMedicationView.swift */ = {isa = PBXFileReference; lastKnownFileType = sourcecode.swift; path = TitleAndInputMedicationView.swift; sourceTree = "<group>"; };
		5A977D422545BA95009A1A58 /* TakeAPillAlertController.swift */ = {isa = PBXFileReference; lastKnownFileType = sourcecode.swift; path = TakeAPillAlertController.swift; sourceTree = "<group>"; };
		5A977D4A2546C9E0009A1A58 /* TakeAPillView.swift */ = {isa = PBXFileReference; fileEncoding = 4; lastKnownFileType = sourcecode.swift; path = TakeAPillView.swift; sourceTree = "<group>"; };
		5A9813B5256A4BFC00A019C5 /* PillReminderImageView.swift */ = {isa = PBXFileReference; lastKnownFileType = sourcecode.swift; path = PillReminderImageView.swift; sourceTree = "<group>"; };
		5A9813BD2572C70800A019C5 /* ReminderCell.swift */ = {isa = PBXFileReference; lastKnownFileType = sourcecode.swift; path = ReminderCell.swift; sourceTree = "<group>"; };
		5A9813CD2573C55700A019C5 /* ReminderViewModel.swift */ = {isa = PBXFileReference; lastKnownFileType = sourcecode.swift; path = ReminderViewModel.swift; sourceTree = "<group>"; };
		5AA21AC924D02BA0000C6F47 /* UserMedicationInfoViewModel.swift */ = {isa = PBXFileReference; lastKnownFileType = sourcecode.swift; path = UserMedicationInfoViewModel.swift; sourceTree = "<group>"; };
		5AA21ACD24D32692000C6F47 /* UserMedicationDetailModel.swift */ = {isa = PBXFileReference; lastKnownFileType = sourcecode.swift; path = UserMedicationDetailModel.swift; sourceTree = "<group>"; };
		5AA21AD124DD806E000C6F47 /* NewMedicationViewModel.swift */ = {isa = PBXFileReference; lastKnownFileType = sourcecode.swift; path = NewMedicationViewModel.swift; sourceTree = "<group>"; };
		5AA21AD324E537AE000C6F47 /* CurrentMedicationSettingsViewController.swift */ = {isa = PBXFileReference; lastKnownFileType = sourcecode.swift; path = CurrentMedicationSettingsViewController.swift; sourceTree = "<group>"; };
		5AA9D0A22477F80D007D85DA /* UserMedicationDetailViewController.swift */ = {isa = PBXFileReference; lastKnownFileType = sourcecode.swift; path = UserMedicationDetailViewController.swift; sourceTree = "<group>"; };
		5AB59DE9248701C400E78BD9 /* PillReminderMainCustomTextField.swift */ = {isa = PBXFileReference; lastKnownFileType = sourcecode.swift; path = PillReminderMainCustomTextField.swift; sourceTree = "<group>"; };
		5ACB65B124AA41D800F3D454 /* LoginScreenViewModel.swift */ = {isa = PBXFileReference; lastKnownFileType = sourcecode.swift; path = LoginScreenViewModel.swift; sourceTree = "<group>"; };
		5ACB65BE24B8A19900F3D454 /* FirebaseManager.swift */ = {isa = PBXFileReference; lastKnownFileType = sourcecode.swift; path = FirebaseManager.swift; sourceTree = "<group>"; };
		5ACFD99325B1233200E6FAE4 /* UserMedicationDetailViewModel.swift */ = {isa = PBXFileReference; lastKnownFileType = sourcecode.swift; path = UserMedicationDetailViewModel.swift; sourceTree = "<group>"; };
		5AD3E495246D9EC700882154 /* CustomCollectionViewHeader.swift */ = {isa = PBXFileReference; lastKnownFileType = sourcecode.swift; path = CustomCollectionViewHeader.swift; sourceTree = "<group>"; };
		5AD3E497246DB20500882154 /* CustomCell.swift */ = {isa = PBXFileReference; lastKnownFileType = sourcecode.swift; path = CustomCell.swift; sourceTree = "<group>"; };
		5ADAF54F25A068EF00EAA41D /* UserModel.swift */ = {isa = PBXFileReference; lastKnownFileType = sourcecode.swift; path = UserModel.swift; sourceTree = "<group>"; };
		5ADB92D9248E4FF80097F9E1 /* WelcomeView.swift */ = {isa = PBXFileReference; lastKnownFileType = sourcecode.swift; path = WelcomeView.swift; sourceTree = "<group>"; };
		5ADFC2C0248402FF008E9282 /* PillModel.swift */ = {isa = PBXFileReference; lastKnownFileType = sourcecode.swift; path = PillModel.swift; sourceTree = "<group>"; };
		5ADFC2C224854870008E9282 /* CurrentMedicationSettingsView.swift */ = {isa = PBXFileReference; lastKnownFileType = sourcecode.swift; path = CurrentMedicationSettingsView.swift; sourceTree = "<group>"; };
		5ADFC2C924856BB7008E9282 /* UserMedicationDetailView.swift */ = {isa = PBXFileReference; lastKnownFileType = sourcecode.swift; path = UserMedicationDetailView.swift; sourceTree = "<group>"; };
		5AE4476224E6F1E600CC9DA4 /* AddMedicationCell.swift */ = {isa = PBXFileReference; lastKnownFileType = sourcecode.swift; path = AddMedicationCell.swift; sourceTree = "<group>"; };
		5AE9EA7E246ACC400090A1D2 /* UserMedicationInfoViewController.swift */ = {isa = PBXFileReference; lastKnownFileType = sourcecode.swift; path = UserMedicationInfoViewController.swift; sourceTree = "<group>"; };
		5AE9EA80246AD0040090A1D2 /* ReminderForMedicationViewController.swift */ = {isa = PBXFileReference; lastKnownFileType = sourcecode.swift; path = ReminderForMedicationViewController.swift; sourceTree = "<group>"; };
		5AEC6E1924F51AE30052D16B /* Errors.swift */ = {isa = PBXFileReference; lastKnownFileType = sourcecode.swift; path = Errors.swift; sourceTree = "<group>"; };
		5AEC6E1B24F54B760052D16B /* ForgotPasswordViewController.swift */ = {isa = PBXFileReference; lastKnownFileType = sourcecode.swift; path = ForgotPasswordViewController.swift; sourceTree = "<group>"; };
		5AEC6E1E24F553010052D16B /* ForgotPasswordView.swift */ = {isa = PBXFileReference; lastKnownFileType = sourcecode.swift; path = ForgotPasswordView.swift; sourceTree = "<group>"; };
		5AEC6E2024F567F90052D16B /* ForgotPasswordViewModel.swift */ = {isa = PBXFileReference; lastKnownFileType = sourcecode.swift; path = ForgotPasswordViewModel.swift; sourceTree = "<group>"; };
		5AFED60F2461813400EF7C1A /* PillReminder.app */ = {isa = PBXFileReference; explicitFileType = wrapper.application; includeInIndex = 0; path = PillReminder.app; sourceTree = BUILT_PRODUCTS_DIR; };
		5AFED61C2461813400EF7C1A /* PR_App.xcdatamodel */ = {isa = PBXFileReference; lastKnownFileType = wrapper.xcdatamodel; path = PR_App.xcdatamodel; sourceTree = "<group>"; };
		5AFED61E2461813500EF7C1A /* Assets.xcassets */ = {isa = PBXFileReference; lastKnownFileType = folder.assetcatalog; path = Assets.xcassets; sourceTree = "<group>"; };
		5AFED6282461813500EF7C1A /* PillReminderTests.xctest */ = {isa = PBXFileReference; explicitFileType = wrapper.cfbundle; includeInIndex = 0; path = PillReminderTests.xctest; sourceTree = BUILT_PRODUCTS_DIR; };
		5AFED62C2461813500EF7C1A /* PR_AppTests.swift */ = {isa = PBXFileReference; lastKnownFileType = sourcecode.swift; path = PR_AppTests.swift; sourceTree = "<group>"; };
		5AFED62E2461813500EF7C1A /* Info.plist */ = {isa = PBXFileReference; lastKnownFileType = text.plist.xml; path = Info.plist; sourceTree = "<group>"; };
		5AFED6332461813600EF7C1A /* PillReminderUITests.xctest */ = {isa = PBXFileReference; explicitFileType = wrapper.cfbundle; includeInIndex = 0; path = PillReminderUITests.xctest; sourceTree = BUILT_PRODUCTS_DIR; };
		5AFED6372461813600EF7C1A /* PR_AppUITests.swift */ = {isa = PBXFileReference; lastKnownFileType = sourcecode.swift; path = PR_AppUITests.swift; sourceTree = "<group>"; };
		5AFED6392461813600EF7C1A /* Info.plist */ = {isa = PBXFileReference; lastKnownFileType = text.plist.xml; path = Info.plist; sourceTree = "<group>"; };
		5AFED64E2461A8F000EF7C1A /* LoginScreenViewController.swift */ = {isa = PBXFileReference; lastKnownFileType = sourcecode.swift; path = LoginScreenViewController.swift; sourceTree = "<group>"; };
		71B2A52855D610FE6C294757 /* Pods_PillReminder.framework */ = {isa = PBXFileReference; explicitFileType = wrapper.framework; includeInIndex = 0; path = Pods_PillReminder.framework; sourceTree = BUILT_PRODUCTS_DIR; };
		7EC808BF5FA6F04DC730F6AC /* Pods-PillReminderTests.release.xcconfig */ = {isa = PBXFileReference; includeInIndex = 1; lastKnownFileType = text.xcconfig; name = "Pods-PillReminderTests.release.xcconfig"; path = "Target Support Files/Pods-PillReminderTests/Pods-PillReminderTests.release.xcconfig"; sourceTree = "<group>"; };
		8A32A8ED3F40D201563B6D42 /* Pods_PillReminder_PillReminderUITests.framework */ = {isa = PBXFileReference; explicitFileType = wrapper.framework; includeInIndex = 0; path = Pods_PillReminder_PillReminderUITests.framework; sourceTree = BUILT_PRODUCTS_DIR; };
		9FA38DC4696ED3E595240776 /* Pods-PillReminder-PillReminderUITests.debug.xcconfig */ = {isa = PBXFileReference; includeInIndex = 1; lastKnownFileType = text.xcconfig; name = "Pods-PillReminder-PillReminderUITests.debug.xcconfig"; path = "Target Support Files/Pods-PillReminder-PillReminderUITests/Pods-PillReminder-PillReminderUITests.debug.xcconfig"; sourceTree = "<group>"; };
		A2B4230407CEE6A898250CFE /* Pods-PillReminder.release.xcconfig */ = {isa = PBXFileReference; includeInIndex = 1; lastKnownFileType = text.xcconfig; name = "Pods-PillReminder.release.xcconfig"; path = "Target Support Files/Pods-PillReminder/Pods-PillReminder.release.xcconfig"; sourceTree = "<group>"; };
		AB217B2F2461CF0B00742EB1 /* Constants.swift */ = {isa = PBXFileReference; lastKnownFileType = sourcecode.swift; path = Constants.swift; sourceTree = "<group>"; };
		AB217B332461FD3100742EB1 /* PillReminderMainCustomButton.swift */ = {isa = PBXFileReference; lastKnownFileType = sourcecode.swift; path = PillReminderMainCustomButton.swift; sourceTree = "<group>"; };
		ABF726A32463A46100C903B7 /* UIView+Extensions.swift */ = {isa = PBXFileReference; lastKnownFileType = sourcecode.swift; path = "UIView+Extensions.swift"; sourceTree = "<group>"; };
		DE1CBA6C621B380BC67E2FE5 /* Pods-PillReminderTests.debug.xcconfig */ = {isa = PBXFileReference; includeInIndex = 1; lastKnownFileType = text.xcconfig; name = "Pods-PillReminderTests.debug.xcconfig"; path = "Target Support Files/Pods-PillReminderTests/Pods-PillReminderTests.debug.xcconfig"; sourceTree = "<group>"; };
/* End PBXFileReference section */

/* Begin PBXFrameworksBuildPhase section */
		5AFED60C2461813400EF7C1A /* Frameworks */ = {
			isa = PBXFrameworksBuildPhase;
			buildActionMask = 2147483647;
			files = (
				481766E5EF96CBEA7BED5B24 /* Pods_PillReminder.framework in Frameworks */,
			);
			runOnlyForDeploymentPostprocessing = 0;
		};
		5AFED6252461813500EF7C1A /* Frameworks */ = {
			isa = PBXFrameworksBuildPhase;
			buildActionMask = 2147483647;
			files = (
				46FF6EF1996C4490FCB94A82 /* Pods_PillReminderTests.framework in Frameworks */,
			);
			runOnlyForDeploymentPostprocessing = 0;
		};
		5AFED6302461813600EF7C1A /* Frameworks */ = {
			isa = PBXFrameworksBuildPhase;
			buildActionMask = 2147483647;
			files = (
				E73A81411D772F1944EFF8DA /* Pods_PillReminder_PillReminderUITests.framework in Frameworks */,
			);
			runOnlyForDeploymentPostprocessing = 0;
		};
/* End PBXFrameworksBuildPhase section */

/* Begin PBXGroup section */
		5A1AE7DD247E8D220094F17B /* Cells */ = {
			isa = PBXGroup;
			children = (
				5AD3E497246DB20500882154 /* CustomCell.swift */,
				5AE4476224E6F1E600CC9DA4 /* AddMedicationCell.swift */,
				5AD3E495246D9EC700882154 /* CustomCollectionViewHeader.swift */,
				5A9813BD2572C70800A019C5 /* ReminderCell.swift */,
			);
			path = Cells;
			sourceTree = "<group>";
		};
		5A1AE7DE247E8D4C0094F17B /* TabBars */ = {
			isa = PBXGroup;
			children = (
				5A582BA32474596700247D19 /* TabBarController.swift */,
			);
			path = TabBars;
			sourceTree = "<group>";
		};
		5A23866A25AF161800289FFE /* UserMedicationInfoViewController */ = {
			isa = PBXGroup;
			children = (
				5AE9EA7E246ACC400090A1D2 /* UserMedicationInfoViewController.swift */,
				5A23866E25AF18DC00289FFE /* UserMedicationInfoDataSource.swift */,
				5A2386DD25B08DE100289FFE /* UserMedicationInfoDelegate.swift */,
			);
			path = UserMedicationInfoViewController;
			sourceTree = "<group>";
		};
		5A65A73D247C2AE7003003B2 /* Views */ = {
			isa = PBXGroup;
			children = (
				5ADB92D9248E4FF80097F9E1 /* WelcomeView.swift */,
				5A893FCF249A2C5D008F69A5 /* TitleAndInputMedicationView.swift */,
				5A7138212504FB0A0052F668 /* LoginScreenView.swift */,
				5A2386E225B08E8600289FFE /* UserMedicationInfoView.swift */,
				5ADFC2C924856BB7008E9282 /* UserMedicationDetailView.swift */,
				5ADFC2C224854870008E9282 /* CurrentMedicationSettingsView.swift */,
				5A78FC462502B58900011DD1 /* NewMedicationSettingsView.swift */,
				5AEC6E1E24F553010052D16B /* ForgotPasswordView.swift */,
				5A977D4A2546C9E0009A1A58 /* TakeAPillView.swift */,
			);
			path = Views;
			sourceTree = "<group>";
		};
		5A9813B4256A4BD400A019C5 /* ImageViews */ = {
			isa = PBXGroup;
			children = (
				5A9813B5256A4BFC00A019C5 /* PillReminderImageView.swift */,
			);
			path = ImageViews;
			sourceTree = "<group>";
		};
		5AA9D0A424780753007D85DA /* Labels */ = {
			isa = PBXGroup;
			children = (
				5A582B902474583600247D19 /* PillReminderMainCustomLabel.swift */,
				5A8572C4252270D800C58DA2 /* PillReminderProgramCustomLabel.swift */,
			);
			path = Labels;
			sourceTree = "<group>";
		};
		5AA9D0A524780764007D85DA /* TextFields */ = {
			isa = PBXGroup;
			children = (
				5AB59DE9248701C400E78BD9 /* PillReminderMainCustomTextField.swift */,
				5A8572C2252268F400C58DA2 /* PillReminderProgramCustomTextFields.swift */,
			);
			path = TextFields;
			sourceTree = "<group>";
		};
		5AA9D0A624781DB2007D85DA /* Buttons */ = {
			isa = PBXGroup;
			children = (
				AB217B332461FD3100742EB1 /* PillReminderMainCustomButton.swift */,
			);
			path = Buttons;
			sourceTree = "<group>";
		};
		5ACB65B024AA00B500F3D454 /* ViewModel */ = {
			isa = PBXGroup;
			children = (
				5ACB65B124AA41D800F3D454 /* LoginScreenViewModel.swift */,
				5AA21AC924D02BA0000C6F47 /* UserMedicationInfoViewModel.swift */,
				5ACFD99325B1233200E6FAE4 /* UserMedicationDetailViewModel.swift */,
				5A3AED5024F6F617007ADC39 /* CurrentMedicationSettingsViewModel.swift */,
				5AA21AD124DD806E000C6F47 /* NewMedicationViewModel.swift */,
				5AEC6E2024F567F90052D16B /* ForgotPasswordViewModel.swift */,
				5A9813CD2573C55700A019C5 /* ReminderViewModel.swift */,
			);
			path = ViewModel;
			sourceTree = "<group>";
		};
		5ACB65BD24B8A15F00F3D454 /* Services */ = {
			isa = PBXGroup;
			children = (
				5ACB65BE24B8A19900F3D454 /* FirebaseManager.swift */,
			);
			path = Services;
			sourceTree = "<group>";
		};
		5ADFC2BC2483FBE7008E9282 /* Model */ = {
			isa = PBXGroup;
			children = (
				5ADAF54F25A068EF00EAA41D /* UserModel.swift */,
				5AA21ACD24D32692000C6F47 /* UserMedicationDetailModel.swift */,
				5ADFC2C0248402FF008E9282 /* PillModel.swift */,
			);
			path = Model;
			sourceTree = "<group>";
		};
		5AE9EA7B246ACAB60090A1D2 /* Custom Views */ = {
			isa = PBXGroup;
			children = (
				5A65A73D247C2AE7003003B2 /* Views */,
				5A9813B4256A4BD400A019C5 /* ImageViews */,
				5A1AE7DE247E8D4C0094F17B /* TabBars */,
				5A1AE7DD247E8D220094F17B /* Cells */,
				5AA9D0A624781DB2007D85DA /* Buttons */,
				5AA9D0A524780764007D85DA /* TextFields */,
				5AA9D0A424780753007D85DA /* Labels */,
			);
			path = "Custom Views";
			sourceTree = "<group>";
		};
		5AE9EA7C246ACAC90090A1D2 /* Utills */ = {
			isa = PBXGroup;
			children = (
				AB217B2F2461CF0B00742EB1 /* Constants.swift */,
				5A82DEA624F9832E00788E36 /* Images.swift */,
				5AEC6E1924F51AE30052D16B /* Errors.swift */,
				5A3AED5224F6F72E007ADC39 /* Alerts.swift */,
				5A0544712560216D00635461 /* DeviceTypesConstraints.swift */,
			);
			path = Utills;
			sourceTree = "<group>";
		};
		5AE9EA7D246ACADF0090A1D2 /* Extensions */ = {
			isa = PBXGroup;
			children = (
				ABF726A32463A46100C903B7 /* UIView+Extensions.swift */,
				5A582B8C2473FEFC00247D19 /* UIViewController+Extensions.swift */,
				5A82248B24FE6CA6003BD716 /* UIColor+Extensions.swift */,
			);
			path = Extensions;
			sourceTree = "<group>";
		};
		5AFED6062461813400EF7C1A = {
			isa = PBXGroup;
			children = (
				5A78FC4424FFC10400011DD1 /* Localizable.strings */,
				5AFED6112461813400EF7C1A /* PR-App */,
				5AFED61B2461813400EF7C1A /* PR_App.xcdatamodeld */,
				5AFED62B2461813500EF7C1A /* PR-AppTests */,
				5AFED6362461813600EF7C1A /* PR-AppUITests */,
				5AFED6102461813400EF7C1A /* Products */,
				5AFED6512461A90800EF7C1A /* Supporting Files */,
				9619D881732EA8BAED18863A /* Pods */,
				9C5B4536123C218F342DA14E /* Frameworks */,
			);
			sourceTree = "<group>";
		};
		5AFED6102461813400EF7C1A /* Products */ = {
			isa = PBXGroup;
			children = (
				5AFED60F2461813400EF7C1A /* PillReminder.app */,
				5AFED6282461813500EF7C1A /* PillReminderTests.xctest */,
				5AFED6332461813600EF7C1A /* PillReminderUITests.xctest */,
			);
			name = Products;
			sourceTree = "<group>";
		};
		5AFED6112461813400EF7C1A /* PR-App */ = {
			isa = PBXGroup;
			children = (
				5AE9EA7C246ACAC90090A1D2 /* Utills */,
				5AE9EA7D246ACADF0090A1D2 /* Extensions */,
				5ACB65BD24B8A15F00F3D454 /* Services */,
				5ADFC2BC2483FBE7008E9282 /* Model */,
				5AE9EA7B246ACAB60090A1D2 /* Custom Views */,
				5ACB65B024AA00B500F3D454 /* ViewModel */,
				5AFED6502461A90100EF7C1A /* Controllers */,
			);
			path = "PR-App";
			sourceTree = "<group>";
		};
		5AFED62B2461813500EF7C1A /* PR-AppTests */ = {
			isa = PBXGroup;
			children = (
				5AFED62C2461813500EF7C1A /* PR_AppTests.swift */,
				5AFED62E2461813500EF7C1A /* Info.plist */,
			);
			path = "PR-AppTests";
			sourceTree = "<group>";
		};
		5AFED6362461813600EF7C1A /* PR-AppUITests */ = {
			isa = PBXGroup;
			children = (
				5AFED6372461813600EF7C1A /* PR_AppUITests.swift */,
				5AFED6392461813600EF7C1A /* Info.plist */,
			);
			path = "PR-AppUITests";
			sourceTree = "<group>";
		};
		5AFED6502461A90100EF7C1A /* Controllers */ = {
			isa = PBXGroup;
			children = (
				5AFED64E2461A8F000EF7C1A /* LoginScreenViewController.swift */,
				5A23866A25AF161800289FFE /* UserMedicationInfoViewController */,
				5AA9D0A22477F80D007D85DA /* UserMedicationDetailViewController.swift */,
				5AE9EA80246AD0040090A1D2 /* ReminderForMedicationViewController.swift */,
				5AA21AD324E537AE000C6F47 /* CurrentMedicationSettingsViewController.swift */,
				5A1AE7DF247EAB510094F17B /* NewMedicationSettingsViewController.swift */,
				5AEC6E1B24F54B760052D16B /* ForgotPasswordViewController.swift */,
				5A977D422545BA95009A1A58 /* TakeAPillAlertController.swift */,
			);
			path = Controllers;
			sourceTree = "<group>";
		};
		5AFED6512461A90800EF7C1A /* Supporting Files */ = {
			isa = PBXGroup;
			children = (
				5A4BA9E42465D105008AF20B /* AppDelegate.swift */,
				5A4BA9E32465D105008AF20B /* SceneDelegate.swift */,
				5A78FC3624FFC01200011DD1 /* LaunchScreen.storyboard */,
				5A3D003B24727FC200AD1B94 /* GoogleService-Info.plist */,
				5AFED61E2461813500EF7C1A /* Assets.xcassets */,
				5A4BA9E72465D11F008AF20B /* Info.plist */,
			);
			path = "Supporting Files";
			sourceTree = "<group>";
		};
		9619D881732EA8BAED18863A /* Pods */ = {
			isa = PBXGroup;
			children = (
				48F2EEBFDE804C0A9CEA25B2 /* Pods-PillReminder.debug.xcconfig */,
				A2B4230407CEE6A898250CFE /* Pods-PillReminder.release.xcconfig */,
				9FA38DC4696ED3E595240776 /* Pods-PillReminder-PillReminderUITests.debug.xcconfig */,
				4098D0061B7B4F71A7C0155E /* Pods-PillReminder-PillReminderUITests.release.xcconfig */,
				DE1CBA6C621B380BC67E2FE5 /* Pods-PillReminderTests.debug.xcconfig */,
				7EC808BF5FA6F04DC730F6AC /* Pods-PillReminderTests.release.xcconfig */,
			);
			path = Pods;
			sourceTree = "<group>";
		};
		9C5B4536123C218F342DA14E /* Frameworks */ = {
			isa = PBXGroup;
			children = (
				71B2A52855D610FE6C294757 /* Pods_PillReminder.framework */,
				8A32A8ED3F40D201563B6D42 /* Pods_PillReminder_PillReminderUITests.framework */,
				0C7FFD4E2395C77D24DA5535 /* Pods_PillReminderTests.framework */,
			);
			name = Frameworks;
			sourceTree = "<group>";
		};
/* End PBXGroup section */

/* Begin PBXNativeTarget section */
		5AFED60E2461813400EF7C1A /* PillReminder */ = {
			isa = PBXNativeTarget;
			buildConfigurationList = 5AFED63C2461813600EF7C1A /* Build configuration list for PBXNativeTarget "PillReminder" */;
			buildPhases = (
				2758B2661F71794130BDB6D4 /* [CP] Check Pods Manifest.lock */,
				5A57A7702554807600A266C2 /* SwiftLint */,
				5AFED60B2461813400EF7C1A /* Sources */,
				5AFED60C2461813400EF7C1A /* Frameworks */,
				5AFED60D2461813400EF7C1A /* Resources */,
				DA64CB6542D52D7A9E37BA56 /* [CP] Embed Pods Frameworks */,
			);
			buildRules = (
			);
			dependencies = (
			);
			name = PillReminder;
			productName = "PR-App";
			productReference = 5AFED60F2461813400EF7C1A /* PillReminder.app */;
			productType = "com.apple.product-type.application";
		};
		5AFED6272461813500EF7C1A /* PillReminderTests */ = {
			isa = PBXNativeTarget;
			buildConfigurationList = 5AFED63F2461813600EF7C1A /* Build configuration list for PBXNativeTarget "PillReminderTests" */;
			buildPhases = (
				2ADCC3A33246312851B79DE5 /* [CP] Check Pods Manifest.lock */,
				5AFED6242461813500EF7C1A /* Sources */,
				5AFED6252461813500EF7C1A /* Frameworks */,
				5AFED6262461813500EF7C1A /* Resources */,
			);
			buildRules = (
			);
			dependencies = (
				5AFED62A2461813500EF7C1A /* PBXTargetDependency */,
			);
			name = PillReminderTests;
			productName = "PR-AppTests";
			productReference = 5AFED6282461813500EF7C1A /* PillReminderTests.xctest */;
			productType = "com.apple.product-type.bundle.unit-test";
		};
		5AFED6322461813600EF7C1A /* PillReminderUITests */ = {
			isa = PBXNativeTarget;
			buildConfigurationList = 5AFED6422461813600EF7C1A /* Build configuration list for PBXNativeTarget "PillReminderUITests" */;
			buildPhases = (
				A14CA8F9E7E10620BC01A7F0 /* [CP] Check Pods Manifest.lock */,
				5AFED62F2461813600EF7C1A /* Sources */,
				5AFED6302461813600EF7C1A /* Frameworks */,
				5AFED6312461813600EF7C1A /* Resources */,
				4FEE176196004A6AEC73D2A6 /* [CP] Embed Pods Frameworks */,
			);
			buildRules = (
			);
			dependencies = (
				5AFED6352461813600EF7C1A /* PBXTargetDependency */,
			);
			name = PillReminderUITests;
			productName = "PR-AppUITests";
			productReference = 5AFED6332461813600EF7C1A /* PillReminderUITests.xctest */;
			productType = "com.apple.product-type.bundle.ui-testing";
		};
/* End PBXNativeTarget section */

/* Begin PBXProject section */
		5AFED6072461813400EF7C1A /* Project object */ = {
			isa = PBXProject;
			attributes = {
				LastSwiftUpdateCheck = 1130;
				LastUpgradeCheck = 1200;
				ORGANIZATIONNAME = "Jakub Homik";
				TargetAttributes = {
					5AFED60E2461813400EF7C1A = {
						CreatedOnToolsVersion = 11.3.1;
					};
					5AFED6272461813500EF7C1A = {
						CreatedOnToolsVersion = 11.3.1;
						TestTargetID = 5AFED60E2461813400EF7C1A;
					};
					5AFED6322461813600EF7C1A = {
						CreatedOnToolsVersion = 11.3.1;
						TestTargetID = 5AFED60E2461813400EF7C1A;
					};
				};
			};
			buildConfigurationList = 5AFED60A2461813400EF7C1A /* Build configuration list for PBXProject "PillReminder" */;
			compatibilityVersion = "Xcode 9.3";
			developmentRegion = en;
			hasScannedForEncodings = 0;
			knownRegions = (
				en,
				Base,
				pl,
			);
			mainGroup = 5AFED6062461813400EF7C1A;
			productRefGroup = 5AFED6102461813400EF7C1A /* Products */;
			projectDirPath = "";
			projectRoot = "";
			targets = (
				5AFED60E2461813400EF7C1A /* PillReminder */,
				5AFED6272461813500EF7C1A /* PillReminderTests */,
				5AFED6322461813600EF7C1A /* PillReminderUITests */,
			);
		};
/* End PBXProject section */

/* Begin PBXResourcesBuildPhase section */
		5AFED60D2461813400EF7C1A /* Resources */ = {
			isa = PBXResourcesBuildPhase;
			buildActionMask = 2147483647;
			files = (
				5A78FC3824FFC01200011DD1 /* LaunchScreen.storyboard in Resources */,
				5A78FC4024FFC10400011DD1 /* Localizable.strings in Resources */,
				5AFED61F2461813500EF7C1A /* Assets.xcassets in Resources */,
				5A3D003C24727FC300AD1B94 /* GoogleService-Info.plist in Resources */,
			);
			runOnlyForDeploymentPostprocessing = 0;
		};
		5AFED6262461813500EF7C1A /* Resources */ = {
			isa = PBXResourcesBuildPhase;
			buildActionMask = 2147483647;
			files = (
				5A78FC3924FFC01200011DD1 /* LaunchScreen.storyboard in Resources */,
				5A78FC4124FFC10400011DD1 /* Localizable.strings in Resources */,
			);
			runOnlyForDeploymentPostprocessing = 0;
		};
		5AFED6312461813600EF7C1A /* Resources */ = {
			isa = PBXResourcesBuildPhase;
			buildActionMask = 2147483647;
			files = (
				5A78FC3A24FFC01200011DD1 /* LaunchScreen.storyboard in Resources */,
				5A78FC4224FFC10400011DD1 /* Localizable.strings in Resources */,
			);
			runOnlyForDeploymentPostprocessing = 0;
		};
/* End PBXResourcesBuildPhase section */

/* Begin PBXShellScriptBuildPhase section */
		2758B2661F71794130BDB6D4 /* [CP] Check Pods Manifest.lock */ = {
			isa = PBXShellScriptBuildPhase;
			buildActionMask = 2147483647;
			files = (
			);
			inputFileListPaths = (
			);
			inputPaths = (
				"${PODS_PODFILE_DIR_PATH}/Podfile.lock",
				"${PODS_ROOT}/Manifest.lock",
			);
			name = "[CP] Check Pods Manifest.lock";
			outputFileListPaths = (
			);
			outputPaths = (
				"$(DERIVED_FILE_DIR)/Pods-PillReminder-checkManifestLockResult.txt",
			);
			runOnlyForDeploymentPostprocessing = 0;
			shellPath = /bin/sh;
			shellScript = "diff \"${PODS_PODFILE_DIR_PATH}/Podfile.lock\" \"${PODS_ROOT}/Manifest.lock\" > /dev/null\nif [ $? != 0 ] ; then\n    # print error to STDERR\n    echo \"error: The sandbox is not in sync with the Podfile.lock. Run 'pod install' or update your CocoaPods installation.\" >&2\n    exit 1\nfi\n# This output is used by Xcode 'outputs' to avoid re-running this script phase.\necho \"SUCCESS\" > \"${SCRIPT_OUTPUT_FILE_0}\"\n";
			showEnvVarsInLog = 0;
		};
		2ADCC3A33246312851B79DE5 /* [CP] Check Pods Manifest.lock */ = {
			isa = PBXShellScriptBuildPhase;
			buildActionMask = 2147483647;
			files = (
			);
			inputFileListPaths = (
			);
			inputPaths = (
				"${PODS_PODFILE_DIR_PATH}/Podfile.lock",
				"${PODS_ROOT}/Manifest.lock",
			);
			name = "[CP] Check Pods Manifest.lock";
			outputFileListPaths = (
			);
			outputPaths = (
				"$(DERIVED_FILE_DIR)/Pods-PillReminderTests-checkManifestLockResult.txt",
			);
			runOnlyForDeploymentPostprocessing = 0;
			shellPath = /bin/sh;
			shellScript = "diff \"${PODS_PODFILE_DIR_PATH}/Podfile.lock\" \"${PODS_ROOT}/Manifest.lock\" > /dev/null\nif [ $? != 0 ] ; then\n    # print error to STDERR\n    echo \"error: The sandbox is not in sync with the Podfile.lock. Run 'pod install' or update your CocoaPods installation.\" >&2\n    exit 1\nfi\n# This output is used by Xcode 'outputs' to avoid re-running this script phase.\necho \"SUCCESS\" > \"${SCRIPT_OUTPUT_FILE_0}\"\n";
			showEnvVarsInLog = 0;
		};
		4FEE176196004A6AEC73D2A6 /* [CP] Embed Pods Frameworks */ = {
			isa = PBXShellScriptBuildPhase;
			buildActionMask = 2147483647;
			files = (
			);
			inputFileListPaths = (
				"${PODS_ROOT}/Target Support Files/Pods-PillReminder-PillReminderUITests/Pods-PillReminder-PillReminderUITests-frameworks-${CONFIGURATION}-input-files.xcfilelist",
			);
			name = "[CP] Embed Pods Frameworks";
			outputFileListPaths = (
				"${PODS_ROOT}/Target Support Files/Pods-PillReminder-PillReminderUITests/Pods-PillReminder-PillReminderUITests-frameworks-${CONFIGURATION}-output-files.xcfilelist",
			);
			runOnlyForDeploymentPostprocessing = 0;
			shellPath = /bin/sh;
			shellScript = "\"${PODS_ROOT}/Target Support Files/Pods-PillReminder-PillReminderUITests/Pods-PillReminder-PillReminderUITests-frameworks.sh\"\n";
			showEnvVarsInLog = 0;
		};
		5A57A7702554807600A266C2 /* SwiftLint */ = {
			isa = PBXShellScriptBuildPhase;
			buildActionMask = 2147483647;
			files = (
			);
			inputFileListPaths = (
			);
			inputPaths = (
			);
			name = SwiftLint;
			outputFileListPaths = (
			);
			outputPaths = (
			);
			runOnlyForDeploymentPostprocessing = 0;
			shellPath = /bin/sh;
			shellScript = "\"${PODS_ROOT}/SwiftLint/swiftlint\"\n";
		};
		A14CA8F9E7E10620BC01A7F0 /* [CP] Check Pods Manifest.lock */ = {
			isa = PBXShellScriptBuildPhase;
			buildActionMask = 2147483647;
			files = (
			);
			inputFileListPaths = (
			);
			inputPaths = (
				"${PODS_PODFILE_DIR_PATH}/Podfile.lock",
				"${PODS_ROOT}/Manifest.lock",
			);
			name = "[CP] Check Pods Manifest.lock";
			outputFileListPaths = (
			);
			outputPaths = (
				"$(DERIVED_FILE_DIR)/Pods-PillReminder-PillReminderUITests-checkManifestLockResult.txt",
			);
			runOnlyForDeploymentPostprocessing = 0;
			shellPath = /bin/sh;
			shellScript = "diff \"${PODS_PODFILE_DIR_PATH}/Podfile.lock\" \"${PODS_ROOT}/Manifest.lock\" > /dev/null\nif [ $? != 0 ] ; then\n    # print error to STDERR\n    echo \"error: The sandbox is not in sync with the Podfile.lock. Run 'pod install' or update your CocoaPods installation.\" >&2\n    exit 1\nfi\n# This output is used by Xcode 'outputs' to avoid re-running this script phase.\necho \"SUCCESS\" > \"${SCRIPT_OUTPUT_FILE_0}\"\n";
			showEnvVarsInLog = 0;
		};
		DA64CB6542D52D7A9E37BA56 /* [CP] Embed Pods Frameworks */ = {
			isa = PBXShellScriptBuildPhase;
			buildActionMask = 2147483647;
			files = (
			);
			inputFileListPaths = (
				"${PODS_ROOT}/Target Support Files/Pods-PillReminder/Pods-PillReminder-frameworks-${CONFIGURATION}-input-files.xcfilelist",
			);
			name = "[CP] Embed Pods Frameworks";
			outputFileListPaths = (
				"${PODS_ROOT}/Target Support Files/Pods-PillReminder/Pods-PillReminder-frameworks-${CONFIGURATION}-output-files.xcfilelist",
			);
			runOnlyForDeploymentPostprocessing = 0;
			shellPath = /bin/sh;
			shellScript = "\"${PODS_ROOT}/Target Support Files/Pods-PillReminder/Pods-PillReminder-frameworks.sh\"\n";
			showEnvVarsInLog = 0;
		};
/* End PBXShellScriptBuildPhase section */

/* Begin PBXSourcesBuildPhase section */
		5AFED60B2461813400EF7C1A /* Sources */ = {
			isa = PBXSourcesBuildPhase;
			buildActionMask = 2147483647;
			files = (
				5AA9D0A32477F80D007D85DA /* UserMedicationDetailViewController.swift in Sources */,
				5ACB65BF24B8A19900F3D454 /* FirebaseManager.swift in Sources */,
				5AD3E496246D9EC700882154 /* CustomCollectionViewHeader.swift in Sources */,
				5A6A118B2473D1FF006E4B2F /* (null) in Sources */,
				5A82DEA724F9832E00788E36 /* Images.swift in Sources */,
				ABF726A42463A46100C903B7 /* UIView+Extensions.swift in Sources */,
				5ACB65B224AA41D800F3D454 /* LoginScreenViewModel.swift in Sources */,
				5A3AED5124F6F617007ADC39 /* CurrentMedicationSettingsViewModel.swift in Sources */,
				5ADAF55025A068EF00EAA41D /* UserModel.swift in Sources */,
				AB217B302461CF0B00742EB1 /* Constants.swift in Sources */,
				5ADB92DA248E4FF80097F9E1 /* WelcomeView.swift in Sources */,
				5A9813CE2573C55700A019C5 /* ReminderViewModel.swift in Sources */,
				5A582BA42474596700247D19 /* TabBarController.swift in Sources */,
				5A78FC472502B58900011DD1 /* NewMedicationSettingsView.swift in Sources */,
				5ADFC2C324854870008E9282 /* CurrentMedicationSettingsView.swift in Sources */,
				5AA21AD224DD806E000C6F47 /* NewMedicationViewModel.swift in Sources */,
				5A9813B6256A4BFC00A019C5 /* PillReminderImageView.swift in Sources */,
				5ADFC2C1248402FF008E9282 /* PillModel.swift in Sources */,
				5AA21ACA24D02BA0000C6F47 /* UserMedicationInfoViewModel.swift in Sources */,
				5AE4476324E6F1E600CC9DA4 /* AddMedicationCell.swift in Sources */,
				5A9813BE2572C70800A019C5 /* ReminderCell.swift in Sources */,
				5A0544722560216E00635461 /* DeviceTypesConstraints.swift in Sources */,
				5A2386E325B08E8600289FFE /* UserMedicationInfoView.swift in Sources */,
				5A4BA9E52465D105008AF20B /* SceneDelegate.swift in Sources */,
				5A23866F25AF18DC00289FFE /* UserMedicationInfoDataSource.swift in Sources */,
				5AFED64F2461A8F000EF7C1A /* LoginScreenViewController.swift in Sources */,
				5A977D432545BA95009A1A58 /* TakeAPillAlertController.swift in Sources */,
				5A3AED5324F6F72E007ADC39 /* Alerts.swift in Sources */,
				5AA21ACE24D32692000C6F47 /* UserMedicationDetailModel.swift in Sources */,
				5ADFC2CA24856BB7008E9282 /* UserMedicationDetailView.swift in Sources */,
				5AA21AD424E537AE000C6F47 /* CurrentMedicationSettingsViewController.swift in Sources */,
				5A893FD0249A2C5D008F69A5 /* TitleAndInputMedicationView.swift in Sources */,
				5A8572C3252268F400C58DA2 /* PillReminderProgramCustomTextFields.swift in Sources */,
				5A977D4B2546C9E0009A1A58 /* TakeAPillView.swift in Sources */,
				5AE9EA7F246ACC400090A1D2 /* UserMedicationInfoViewController.swift in Sources */,
				5AEC6E2124F567F90052D16B /* ForgotPasswordViewModel.swift in Sources */,
				5AB59DEA248701C400E78BD9 /* PillReminderMainCustomTextField.swift in Sources */,
				5AE9EA81246AD0040090A1D2 /* ReminderForMedicationViewController.swift in Sources */,
				5AFED61D2461813400EF7C1A /* PR_App.xcdatamodeld in Sources */,
				5A582B8D2473FEFC00247D19 /* UIViewController+Extensions.swift in Sources */,
				5A2386DE25B08DE100289FFE /* UserMedicationInfoDelegate.swift in Sources */,
				5A1AE7E0247EAB510094F17B /* NewMedicationSettingsViewController.swift in Sources */,
				5AEC6E1C24F54B760052D16B /* ForgotPasswordViewController.swift in Sources */,
				AB217B342461FD3100742EB1 /* PillReminderMainCustomButton.swift in Sources */,
				5AEC6E1A24F51AE30052D16B /* Errors.swift in Sources */,
				5AD3E498246DB20500882154 /* CustomCell.swift in Sources */,
				5A582B9A2474583700247D19 /* PillReminderMainCustomLabel.swift in Sources */,
				5A82248C24FE6CA6003BD716 /* UIColor+Extensions.swift in Sources */,
				5ACFD99425B1233200E6FAE4 /* UserMedicationDetailViewModel.swift in Sources */,
				5AEC6E1F24F553010052D16B /* ForgotPasswordView.swift in Sources */,
				5A8572C5252270D800C58DA2 /* PillReminderProgramCustomLabel.swift in Sources */,
				5A4BA9E62465D105008AF20B /* AppDelegate.swift in Sources */,
				5A7138222504FB0A0052F668 /* LoginScreenView.swift in Sources */,
			);
			runOnlyForDeploymentPostprocessing = 0;
		};
		5AFED6242461813500EF7C1A /* Sources */ = {
			isa = PBXSourcesBuildPhase;
			buildActionMask = 2147483647;
			files = (
				5AFED62D2461813500EF7C1A /* PR_AppTests.swift in Sources */,
			);
			runOnlyForDeploymentPostprocessing = 0;
		};
		5AFED62F2461813600EF7C1A /* Sources */ = {
			isa = PBXSourcesBuildPhase;
			buildActionMask = 2147483647;
			files = (
				5AFED6382461813600EF7C1A /* PR_AppUITests.swift in Sources */,
			);
			runOnlyForDeploymentPostprocessing = 0;
		};
/* End PBXSourcesBuildPhase section */

/* Begin PBXTargetDependency section */
		5AFED62A2461813500EF7C1A /* PBXTargetDependency */ = {
			isa = PBXTargetDependency;
			target = 5AFED60E2461813400EF7C1A /* PillReminder */;
			targetProxy = 5AFED6292461813500EF7C1A /* PBXContainerItemProxy */;
		};
		5AFED6352461813600EF7C1A /* PBXTargetDependency */ = {
			isa = PBXTargetDependency;
			target = 5AFED60E2461813400EF7C1A /* PillReminder */;
			targetProxy = 5AFED6342461813600EF7C1A /* PBXContainerItemProxy */;
		};
/* End PBXTargetDependency section */

/* Begin PBXVariantGroup section */
		5A78FC3624FFC01200011DD1 /* LaunchScreen.storyboard */ = {
			isa = PBXVariantGroup;
			children = (
				5A78FC3724FFC01200011DD1 /* Base */,
				5A78FC3B24FFC08700011DD1 /* pl */,
			);
			name = LaunchScreen.storyboard;
			sourceTree = "<group>";
		};
		5A78FC4424FFC10400011DD1 /* Localizable.strings */ = {
			isa = PBXVariantGroup;
			children = (
				5A78FC4324FFC10400011DD1 /* en */,
				5A78FC4524FFC10A00011DD1 /* pl */,
			);
			name = Localizable.strings;
			sourceTree = "<group>";
		};
/* End PBXVariantGroup section */

/* Begin XCBuildConfiguration section */
		5AFED63A2461813600EF7C1A /* Debug */ = {
			isa = XCBuildConfiguration;
			buildSettings = {
				ALWAYS_SEARCH_USER_PATHS = NO;
				CLANG_ANALYZER_LOCALIZABILITY_NONLOCALIZED = YES;
				CLANG_ANALYZER_NONNULL = YES;
				CLANG_ANALYZER_NUMBER_OBJECT_CONVERSION = YES_AGGRESSIVE;
				CLANG_CXX_LANGUAGE_STANDARD = "gnu++14";
				CLANG_CXX_LIBRARY = "libc++";
				CLANG_ENABLE_MODULES = YES;
				CLANG_ENABLE_OBJC_ARC = YES;
				CLANG_ENABLE_OBJC_WEAK = YES;
				CLANG_WARN_BLOCK_CAPTURE_AUTORELEASING = YES;
				CLANG_WARN_BOOL_CONVERSION = YES;
				CLANG_WARN_COMMA = YES;
				CLANG_WARN_CONSTANT_CONVERSION = YES;
				CLANG_WARN_DEPRECATED_OBJC_IMPLEMENTATIONS = YES;
				CLANG_WARN_DIRECT_OBJC_ISA_USAGE = YES_ERROR;
				CLANG_WARN_DOCUMENTATION_COMMENTS = YES;
				CLANG_WARN_EMPTY_BODY = YES;
				CLANG_WARN_ENUM_CONVERSION = YES;
				CLANG_WARN_INFINITE_RECURSION = YES;
				CLANG_WARN_INT_CONVERSION = YES;
				CLANG_WARN_NON_LITERAL_NULL_CONVERSION = YES;
				CLANG_WARN_OBJC_IMPLICIT_RETAIN_SELF = YES;
				CLANG_WARN_OBJC_LITERAL_CONVERSION = YES;
				CLANG_WARN_OBJC_ROOT_CLASS = YES_ERROR;
				CLANG_WARN_QUOTED_INCLUDE_IN_FRAMEWORK_HEADER = YES;
				CLANG_WARN_RANGE_LOOP_ANALYSIS = YES;
				CLANG_WARN_STRICT_PROTOTYPES = YES;
				CLANG_WARN_SUSPICIOUS_MOVE = YES;
				CLANG_WARN_UNGUARDED_AVAILABILITY = YES_AGGRESSIVE;
				CLANG_WARN_UNREACHABLE_CODE = YES;
				CLANG_WARN__DUPLICATE_METHOD_MATCH = YES;
				COPY_PHASE_STRIP = NO;
				DEBUG_INFORMATION_FORMAT = dwarf;
				ENABLE_STRICT_OBJC_MSGSEND = YES;
				ENABLE_TESTABILITY = YES;
				GCC_C_LANGUAGE_STANDARD = gnu11;
				GCC_DYNAMIC_NO_PIC = NO;
				GCC_NO_COMMON_BLOCKS = YES;
				GCC_OPTIMIZATION_LEVEL = 0;
				GCC_PREPROCESSOR_DEFINITIONS = (
					"DEBUG=1",
					"$(inherited)",
				);
				GCC_WARN_64_TO_32_BIT_CONVERSION = YES;
				GCC_WARN_ABOUT_RETURN_TYPE = YES_ERROR;
				GCC_WARN_UNDECLARED_SELECTOR = YES;
				GCC_WARN_UNINITIALIZED_AUTOS = YES_AGGRESSIVE;
				GCC_WARN_UNUSED_FUNCTION = YES;
				GCC_WARN_UNUSED_VARIABLE = YES;
				IPHONEOS_DEPLOYMENT_TARGET = 13.2;
				MTL_ENABLE_DEBUG_INFO = INCLUDE_SOURCE;
				MTL_FAST_MATH = YES;
				ONLY_ACTIVE_ARCH = YES;
				SDKROOT = iphoneos;
				SWIFT_ACTIVE_COMPILATION_CONDITIONS = DEBUG;
				SWIFT_OPTIMIZATION_LEVEL = "-Onone";
			};
			name = Debug;
		};
		5AFED63B2461813600EF7C1A /* Release */ = {
			isa = XCBuildConfiguration;
			buildSettings = {
				ALWAYS_SEARCH_USER_PATHS = NO;
				CLANG_ANALYZER_LOCALIZABILITY_NONLOCALIZED = YES;
				CLANG_ANALYZER_NONNULL = YES;
				CLANG_ANALYZER_NUMBER_OBJECT_CONVERSION = YES_AGGRESSIVE;
				CLANG_CXX_LANGUAGE_STANDARD = "gnu++14";
				CLANG_CXX_LIBRARY = "libc++";
				CLANG_ENABLE_MODULES = YES;
				CLANG_ENABLE_OBJC_ARC = YES;
				CLANG_ENABLE_OBJC_WEAK = YES;
				CLANG_WARN_BLOCK_CAPTURE_AUTORELEASING = YES;
				CLANG_WARN_BOOL_CONVERSION = YES;
				CLANG_WARN_COMMA = YES;
				CLANG_WARN_CONSTANT_CONVERSION = YES;
				CLANG_WARN_DEPRECATED_OBJC_IMPLEMENTATIONS = YES;
				CLANG_WARN_DIRECT_OBJC_ISA_USAGE = YES_ERROR;
				CLANG_WARN_DOCUMENTATION_COMMENTS = YES;
				CLANG_WARN_EMPTY_BODY = YES;
				CLANG_WARN_ENUM_CONVERSION = YES;
				CLANG_WARN_INFINITE_RECURSION = YES;
				CLANG_WARN_INT_CONVERSION = YES;
				CLANG_WARN_NON_LITERAL_NULL_CONVERSION = YES;
				CLANG_WARN_OBJC_IMPLICIT_RETAIN_SELF = YES;
				CLANG_WARN_OBJC_LITERAL_CONVERSION = YES;
				CLANG_WARN_OBJC_ROOT_CLASS = YES_ERROR;
				CLANG_WARN_QUOTED_INCLUDE_IN_FRAMEWORK_HEADER = YES;
				CLANG_WARN_RANGE_LOOP_ANALYSIS = YES;
				CLANG_WARN_STRICT_PROTOTYPES = YES;
				CLANG_WARN_SUSPICIOUS_MOVE = YES;
				CLANG_WARN_UNGUARDED_AVAILABILITY = YES_AGGRESSIVE;
				CLANG_WARN_UNREACHABLE_CODE = YES;
				CLANG_WARN__DUPLICATE_METHOD_MATCH = YES;
				COPY_PHASE_STRIP = NO;
				DEBUG_INFORMATION_FORMAT = "dwarf-with-dsym";
				ENABLE_NS_ASSERTIONS = NO;
				ENABLE_STRICT_OBJC_MSGSEND = YES;
				GCC_C_LANGUAGE_STANDARD = gnu11;
				GCC_NO_COMMON_BLOCKS = YES;
				GCC_WARN_64_TO_32_BIT_CONVERSION = YES;
				GCC_WARN_ABOUT_RETURN_TYPE = YES_ERROR;
				GCC_WARN_UNDECLARED_SELECTOR = YES;
				GCC_WARN_UNINITIALIZED_AUTOS = YES_AGGRESSIVE;
				GCC_WARN_UNUSED_FUNCTION = YES;
				GCC_WARN_UNUSED_VARIABLE = YES;
				IPHONEOS_DEPLOYMENT_TARGET = 13.2;
				MTL_ENABLE_DEBUG_INFO = NO;
				MTL_FAST_MATH = YES;
				SDKROOT = iphoneos;
				SWIFT_COMPILATION_MODE = wholemodule;
				SWIFT_OPTIMIZATION_LEVEL = "-O";
				VALIDATE_PRODUCT = YES;
			};
			name = Release;
		};
		5AFED63D2461813600EF7C1A /* Debug */ = {
			isa = XCBuildConfiguration;
			baseConfigurationReference = 48F2EEBFDE804C0A9CEA25B2 /* Pods-PillReminder.debug.xcconfig */;
			buildSettings = {
				ASSETCATALOG_COMPILER_APPICON_NAME = AppIcon;
				CODE_SIGN_STYLE = Automatic;
				DEVELOPMENT_TEAM = 3RTGVGP453;
				INFOPLIST_FILE = "PR-App/Supporting Files/Info.plist";
				LD_RUNPATH_SEARCH_PATHS = (
					"$(inherited)",
					"@executable_path/Frameworks",
				);
				PRODUCT_BUNDLE_IDENTIFIER = "com.jakubhomik.PR-App";
				PRODUCT_MODULE_NAME = PillReminder;
				PRODUCT_NAME = PillReminder;
				SWIFT_VERSION = 5.0;
				TARGETED_DEVICE_FAMILY = 1;
			};
			name = Debug;
		};
		5AFED63E2461813600EF7C1A /* Release */ = {
			isa = XCBuildConfiguration;
			baseConfigurationReference = A2B4230407CEE6A898250CFE /* Pods-PillReminder.release.xcconfig */;
			buildSettings = {
				ASSETCATALOG_COMPILER_APPICON_NAME = AppIcon;
				CODE_SIGN_STYLE = Automatic;
				DEVELOPMENT_TEAM = 3RTGVGP453;
				INFOPLIST_FILE = "PR-App/Supporting Files/Info.plist";
				LD_RUNPATH_SEARCH_PATHS = (
					"$(inherited)",
					"@executable_path/Frameworks",
				);
				PRODUCT_BUNDLE_IDENTIFIER = "com.jakubhomik.PR-App";
				PRODUCT_MODULE_NAME = PillReminder;
				PRODUCT_NAME = PillReminder;
				SWIFT_VERSION = 5.0;
				TARGETED_DEVICE_FAMILY = 1;
			};
			name = Release;
		};
		5AFED6402461813600EF7C1A /* Debug */ = {
			isa = XCBuildConfiguration;
			baseConfigurationReference = DE1CBA6C621B380BC67E2FE5 /* Pods-PillReminderTests.debug.xcconfig */;
			buildSettings = {
				ALWAYS_EMBED_SWIFT_STANDARD_LIBRARIES = YES;
				BUNDLE_LOADER = "$(TEST_HOST)";
				CODE_SIGN_STYLE = Automatic;
				DEVELOPMENT_TEAM = 3RTGVGP453;
				INFOPLIST_FILE = "PR-AppTests/Info.plist";
				IPHONEOS_DEPLOYMENT_TARGET = 13.2;
				LD_RUNPATH_SEARCH_PATHS = (
					"$(inherited)",
					"@executable_path/Frameworks",
					"@loader_path/Frameworks",
				);
				PRODUCT_BUNDLE_IDENTIFIER = "com.jakubhomik.PR-AppTests";
				PRODUCT_NAME = "$(TARGET_NAME)";
				SWIFT_VERSION = 5.0;
				TARGETED_DEVICE_FAMILY = "1,2";
				TEST_HOST = "$(BUILT_PRODUCTS_DIR)/PillReminder.app/PillReminder";
			};
			name = Debug;
		};
		5AFED6412461813600EF7C1A /* Release */ = {
			isa = XCBuildConfiguration;
			baseConfigurationReference = 7EC808BF5FA6F04DC730F6AC /* Pods-PillReminderTests.release.xcconfig */;
			buildSettings = {
				ALWAYS_EMBED_SWIFT_STANDARD_LIBRARIES = YES;
				BUNDLE_LOADER = "$(TEST_HOST)";
				CODE_SIGN_STYLE = Automatic;
				DEVELOPMENT_TEAM = 3RTGVGP453;
				INFOPLIST_FILE = "PR-AppTests/Info.plist";
				IPHONEOS_DEPLOYMENT_TARGET = 13.2;
				LD_RUNPATH_SEARCH_PATHS = (
					"$(inherited)",
					"@executable_path/Frameworks",
					"@loader_path/Frameworks",
				);
				PRODUCT_BUNDLE_IDENTIFIER = "com.jakubhomik.PR-AppTests";
				PRODUCT_NAME = "$(TARGET_NAME)";
				SWIFT_VERSION = 5.0;
				TARGETED_DEVICE_FAMILY = "1,2";
				TEST_HOST = "$(BUILT_PRODUCTS_DIR)/PillReminder.app/PillReminder";
			};
			name = Release;
		};
		5AFED6432461813600EF7C1A /* Debug */ = {
			isa = XCBuildConfiguration;
			baseConfigurationReference = 9FA38DC4696ED3E595240776 /* Pods-PillReminder-PillReminderUITests.debug.xcconfig */;
			buildSettings = {
				ALWAYS_EMBED_SWIFT_STANDARD_LIBRARIES = YES;
				CODE_SIGN_STYLE = Automatic;
				DEVELOPMENT_TEAM = 3RTGVGP453;
				INFOPLIST_FILE = "PR-AppUITests/Info.plist";
				LD_RUNPATH_SEARCH_PATHS = (
					"$(inherited)",
					"@executable_path/Frameworks",
					"@loader_path/Frameworks",
				);
				PRODUCT_BUNDLE_IDENTIFIER = "com.jakubhomik.PR-AppUITests";
				PRODUCT_NAME = "$(TARGET_NAME)";
				SWIFT_VERSION = 5.0;
				TARGETED_DEVICE_FAMILY = "1,2";
				TEST_TARGET_NAME = "PR-App";
			};
			name = Debug;
		};
		5AFED6442461813600EF7C1A /* Release */ = {
			isa = XCBuildConfiguration;
			baseConfigurationReference = 4098D0061B7B4F71A7C0155E /* Pods-PillReminder-PillReminderUITests.release.xcconfig */;
			buildSettings = {
				ALWAYS_EMBED_SWIFT_STANDARD_LIBRARIES = YES;
				CODE_SIGN_STYLE = Automatic;
				DEVELOPMENT_TEAM = 3RTGVGP453;
				INFOPLIST_FILE = "PR-AppUITests/Info.plist";
				LD_RUNPATH_SEARCH_PATHS = (
					"$(inherited)",
					"@executable_path/Frameworks",
					"@loader_path/Frameworks",
				);
				PRODUCT_BUNDLE_IDENTIFIER = "com.jakubhomik.PR-AppUITests";
				PRODUCT_NAME = "$(TARGET_NAME)";
				SWIFT_VERSION = 5.0;
				TARGETED_DEVICE_FAMILY = "1,2";
				TEST_TARGET_NAME = "PR-App";
			};
			name = Release;
		};
/* End XCBuildConfiguration section */

/* Begin XCConfigurationList section */
		5AFED60A2461813400EF7C1A /* Build configuration list for PBXProject "PillReminder" */ = {
			isa = XCConfigurationList;
			buildConfigurations = (
				5AFED63A2461813600EF7C1A /* Debug */,
				5AFED63B2461813600EF7C1A /* Release */,
			);
			defaultConfigurationIsVisible = 0;
			defaultConfigurationName = Release;
		};
		5AFED63C2461813600EF7C1A /* Build configuration list for PBXNativeTarget "PillReminder" */ = {
			isa = XCConfigurationList;
			buildConfigurations = (
				5AFED63D2461813600EF7C1A /* Debug */,
				5AFED63E2461813600EF7C1A /* Release */,
			);
			defaultConfigurationIsVisible = 0;
			defaultConfigurationName = Release;
		};
		5AFED63F2461813600EF7C1A /* Build configuration list for PBXNativeTarget "PillReminderTests" */ = {
			isa = XCConfigurationList;
			buildConfigurations = (
				5AFED6402461813600EF7C1A /* Debug */,
				5AFED6412461813600EF7C1A /* Release */,
			);
			defaultConfigurationIsVisible = 0;
			defaultConfigurationName = Release;
		};
		5AFED6422461813600EF7C1A /* Build configuration list for PBXNativeTarget "PillReminderUITests" */ = {
			isa = XCConfigurationList;
			buildConfigurations = (
				5AFED6432461813600EF7C1A /* Debug */,
				5AFED6442461813600EF7C1A /* Release */,
			);
			defaultConfigurationIsVisible = 0;
			defaultConfigurationName = Release;
		};
/* End XCConfigurationList section */

/* Begin XCVersionGroup section */
		5AFED61B2461813400EF7C1A /* PR_App.xcdatamodeld */ = {
			isa = XCVersionGroup;
			children = (
				5AFED61C2461813400EF7C1A /* PR_App.xcdatamodel */,
			);
			currentVersion = 5AFED61C2461813400EF7C1A /* PR_App.xcdatamodel */;
			path = PR_App.xcdatamodeld;
			sourceTree = "<group>";
			versionGroupType = wrapper.xcdatamodel;
		};
/* End XCVersionGroup section */
	};
	rootObject = 5AFED6072461813400EF7C1A /* Project object */;
}
