// !$*UTF8*$!
{
	archiveVersion = 1;
	classes = {
	};
	objectVersion = 51;
	objects = {

/* Begin PBXBuildFile section */
		11A9607985818A40F1ED106B /* Pods_PR_App.framework in Frameworks */ = {isa = PBXBuildFile; fileRef = 25C985CC19C807DB6F119DB1 /* Pods_PR_App.framework */; };
		5A1AE7E0247EAB510094F17B /* NewMedicationVC.swift in Sources */ = {isa = PBXBuildFile; fileRef = 5A1AE7DF247EAB510094F17B /* NewMedicationVC.swift */; };
		5A3D003C24727FC300AD1B94 /* GoogleService-Info.plist in Resources */ = {isa = PBXBuildFile; fileRef = 5A3D003B24727FC200AD1B94 /* GoogleService-Info.plist */; };
		5A4BA9E52465D105008AF20B /* SceneDelegate.swift in Sources */ = {isa = PBXBuildFile; fileRef = 5A4BA9E32465D105008AF20B /* SceneDelegate.swift */; };
		5A4BA9E62465D105008AF20B /* AppDelegate.swift in Sources */ = {isa = PBXBuildFile; fileRef = 5A4BA9E42465D105008AF20B /* AppDelegate.swift */; };
		5A582B8D2473FEFC00247D19 /* UIViewController+EXT.swift in Sources */ = {isa = PBXBuildFile; fileRef = 5A582B8C2473FEFC00247D19 /* UIViewController+EXT.swift */; };
		5A582B9A2474583700247D19 /* CustomLabel.swift in Sources */ = {isa = PBXBuildFile; fileRef = 5A582B902474583600247D19 /* CustomLabel.swift */; };
		5A582BA42474596700247D19 /* TabBarController.swift in Sources */ = {isa = PBXBuildFile; fileRef = 5A582BA32474596700247D19 /* TabBarController.swift */; };
		5A6A118B2473D1FF006E4B2F /* (null) in Sources */ = {isa = PBXBuildFile; };
		5A893FD0249A2C5D008F69A5 /* CustomInformationView.swift in Sources */ = {isa = PBXBuildFile; fileRef = 5A893FCF249A2C5D008F69A5 /* CustomInformationView.swift */; };
		5AA9D0A32477F80D007D85DA /* UserMedicationDetailVC.swift in Sources */ = {isa = PBXBuildFile; fileRef = 5AA9D0A22477F80D007D85DA /* UserMedicationDetailVC.swift */; };
		5AB59DEA248701C400E78BD9 /* CustomTextField.swift in Sources */ = {isa = PBXBuildFile; fileRef = 5AB59DE9248701C400E78BD9 /* CustomTextField.swift */; };
		5ABB84F524880E380037B7B5 /* CustomProgramTextField.swift in Sources */ = {isa = PBXBuildFile; fileRef = 5ABB84F424880E380037B7B5 /* CustomProgramTextField.swift */; };
		5AD3E496246D9EC700882154 /* CustomCellHeader.swift in Sources */ = {isa = PBXBuildFile; fileRef = 5AD3E495246D9EC700882154 /* CustomCellHeader.swift */; };
		5AD3E498246DB20500882154 /* CustomCell.swift in Sources */ = {isa = PBXBuildFile; fileRef = 5AD3E497246DB20500882154 /* CustomCell.swift */; };
		5ADB92DA248E4FF80097F9E1 /* WelcomeView.swift in Sources */ = {isa = PBXBuildFile; fileRef = 5ADB92D9248E4FF80097F9E1 /* WelcomeView.swift */; };
		5ADE71382465DED900D42025 /* LaunchScreen.storyboard in Resources */ = {isa = PBXBuildFile; fileRef = 5ADE71362465DED900D42025 /* LaunchScreen.storyboard */; };
		5ADFC2C1248402FF008E9282 /* ServiceManager.swift in Sources */ = {isa = PBXBuildFile; fileRef = 5ADFC2C0248402FF008E9282 /* ServiceManager.swift */; };
		5ADFC2C324854870008E9282 /* NewMedicationView.swift in Sources */ = {isa = PBXBuildFile; fileRef = 5ADFC2C224854870008E9282 /* NewMedicationView.swift */; };
		5ADFC2C524855518008E9282 /* ProgramMedicationView.swift in Sources */ = {isa = PBXBuildFile; fileRef = 5ADFC2C424855518008E9282 /* ProgramMedicationView.swift */; };
		5ADFC2CA24856BB7008E9282 /* UserMedicationDetailView.swift in Sources */ = {isa = PBXBuildFile; fileRef = 5ADFC2C924856BB7008E9282 /* UserMedicationDetailView.swift */; };
		5ADFC2CC24857403008E9282 /* DosageMedicationDetailView.swift in Sources */ = {isa = PBXBuildFile; fileRef = 5ADFC2CB24857403008E9282 /* DosageMedicationDetailView.swift */; };
		5AE9EA7F246ACC400090A1D2 /* UserMedicationInfoVC.swift in Sources */ = {isa = PBXBuildFile; fileRef = 5AE9EA7E246ACC400090A1D2 /* UserMedicationInfoVC.swift */; };
		5AE9EA81246AD0040090A1D2 /* ReminderForMedicationVC.swift in Sources */ = {isa = PBXBuildFile; fileRef = 5AE9EA80246AD0040090A1D2 /* ReminderForMedicationVC.swift */; };
		5AFED61D2461813400EF7C1A /* PR_App.xcdatamodeld in Sources */ = {isa = PBXBuildFile; fileRef = 5AFED61B2461813400EF7C1A /* PR_App.xcdatamodeld */; };
		5AFED61F2461813500EF7C1A /* Assets.xcassets in Resources */ = {isa = PBXBuildFile; fileRef = 5AFED61E2461813500EF7C1A /* Assets.xcassets */; };
		5AFED62D2461813500EF7C1A /* PR_AppTests.swift in Sources */ = {isa = PBXBuildFile; fileRef = 5AFED62C2461813500EF7C1A /* PR_AppTests.swift */; };
		5AFED6382461813600EF7C1A /* PR_AppUITests.swift in Sources */ = {isa = PBXBuildFile; fileRef = 5AFED6372461813600EF7C1A /* PR_AppUITests.swift */; };
		5AFED64F2461A8F000EF7C1A /* LoginScreenVC.swift in Sources */ = {isa = PBXBuildFile; fileRef = 5AFED64E2461A8F000EF7C1A /* LoginScreenVC.swift */; };
		AB217B302461CF0B00742EB1 /* Constants.swift in Sources */ = {isa = PBXBuildFile; fileRef = AB217B2F2461CF0B00742EB1 /* Constants.swift */; };
		AB217B342461FD3100742EB1 /* CustomButton.swift in Sources */ = {isa = PBXBuildFile; fileRef = AB217B332461FD3100742EB1 /* CustomButton.swift */; };
		ABF726A42463A46100C903B7 /* UIView+Ext.swift in Sources */ = {isa = PBXBuildFile; fileRef = ABF726A32463A46100C903B7 /* UIView+Ext.swift */; };
		BBCBC75ED7607B075953F3C7 /* Pods_PR_App_PR_AppUITests.framework in Frameworks */ = {isa = PBXBuildFile; fileRef = A77F5BA0637CE6A19CF9C06A /* Pods_PR_App_PR_AppUITests.framework */; };
		DFC4C8FDC42BDCD04CFC4977 /* Pods_PR_AppTests.framework in Frameworks */ = {isa = PBXBuildFile; fileRef = A7084AF6F581216D47BCB1ED /* Pods_PR_AppTests.framework */; };
/* End PBXBuildFile section */

/* Begin PBXContainerItemProxy section */
		5AFED6292461813500EF7C1A /* PBXContainerItemProxy */ = {
			isa = PBXContainerItemProxy;
			containerPortal = 5AFED6072461813400EF7C1A /* Project object */;
			proxyType = 1;
			remoteGlobalIDString = 5AFED60E2461813400EF7C1A;
			remoteInfo = "PR-App";
		};
		5AFED6342461813600EF7C1A /* PBXContainerItemProxy */ = {
			isa = PBXContainerItemProxy;
			containerPortal = 5AFED6072461813400EF7C1A /* Project object */;
			proxyType = 1;
			remoteGlobalIDString = 5AFED60E2461813400EF7C1A;
			remoteInfo = "PR-App";
		};
/* End PBXContainerItemProxy section */

/* Begin PBXFileReference section */
		1C4B5D5B33B2FB2861C668D4 /* Pods-PR-AppTests.release.xcconfig */ = {isa = PBXFileReference; includeInIndex = 1; lastKnownFileType = text.xcconfig; name = "Pods-PR-AppTests.release.xcconfig"; path = "Target Support Files/Pods-PR-AppTests/Pods-PR-AppTests.release.xcconfig"; sourceTree = "<group>"; };
		25C985CC19C807DB6F119DB1 /* Pods_PR_App.framework */ = {isa = PBXFileReference; explicitFileType = wrapper.framework; includeInIndex = 0; path = Pods_PR_App.framework; sourceTree = BUILT_PRODUCTS_DIR; };
		2CFA8C5FA8F8A684F0F92FBE /* Pods-PR-AppTests.debug.xcconfig */ = {isa = PBXFileReference; includeInIndex = 1; lastKnownFileType = text.xcconfig; name = "Pods-PR-AppTests.debug.xcconfig"; path = "Target Support Files/Pods-PR-AppTests/Pods-PR-AppTests.debug.xcconfig"; sourceTree = "<group>"; };
		3D3A7F9A2F7401B836A70A3A /* Pods-PR-App-PR-AppUITests.debug.xcconfig */ = {isa = PBXFileReference; includeInIndex = 1; lastKnownFileType = text.xcconfig; name = "Pods-PR-App-PR-AppUITests.debug.xcconfig"; path = "Target Support Files/Pods-PR-App-PR-AppUITests/Pods-PR-App-PR-AppUITests.debug.xcconfig"; sourceTree = "<group>"; };
		4EA5CF23897EDAEE8C7E78DB /* Pods-PR-App.release.xcconfig */ = {isa = PBXFileReference; includeInIndex = 1; lastKnownFileType = text.xcconfig; name = "Pods-PR-App.release.xcconfig"; path = "Target Support Files/Pods-PR-App/Pods-PR-App.release.xcconfig"; sourceTree = "<group>"; };
		5A1AE7DF247EAB510094F17B /* NewMedicationVC.swift */ = {isa = PBXFileReference; lastKnownFileType = sourcecode.swift; path = NewMedicationVC.swift; sourceTree = "<group>"; };
		5A3D003B24727FC200AD1B94 /* GoogleService-Info.plist */ = {isa = PBXFileReference; fileEncoding = 4; lastKnownFileType = text.plist.xml; path = "GoogleService-Info.plist"; sourceTree = "<group>"; };
		5A4BA9E32465D105008AF20B /* SceneDelegate.swift */ = {isa = PBXFileReference; fileEncoding = 4; lastKnownFileType = sourcecode.swift; name = SceneDelegate.swift; path = "PR-App/Supporting Files/SceneDelegate.swift"; sourceTree = SOURCE_ROOT; };
		5A4BA9E42465D105008AF20B /* AppDelegate.swift */ = {isa = PBXFileReference; fileEncoding = 4; lastKnownFileType = sourcecode.swift; name = AppDelegate.swift; path = "PR-App/Supporting Files/AppDelegate.swift"; sourceTree = SOURCE_ROOT; };
		5A4BA9E72465D11F008AF20B /* Info.plist */ = {isa = PBXFileReference; lastKnownFileType = text.plist; name = Info.plist; path = "PR-App/Supporting Files/Info.plist"; sourceTree = SOURCE_ROOT; };
		5A582B8C2473FEFC00247D19 /* UIViewController+EXT.swift */ = {isa = PBXFileReference; lastKnownFileType = sourcecode.swift; path = "UIViewController+EXT.swift"; sourceTree = "<group>"; };
		5A582B902474583600247D19 /* CustomLabel.swift */ = {isa = PBXFileReference; fileEncoding = 4; lastKnownFileType = sourcecode.swift; path = CustomLabel.swift; sourceTree = "<group>"; };
		5A582BA32474596700247D19 /* TabBarController.swift */ = {isa = PBXFileReference; fileEncoding = 4; lastKnownFileType = sourcecode.swift; path = TabBarController.swift; sourceTree = "<group>"; };
		5A893FCF249A2C5D008F69A5 /* CustomInformationView.swift */ = {isa = PBXFileReference; lastKnownFileType = sourcecode.swift; path = CustomInformationView.swift; sourceTree = "<group>"; };
		5AA9D0A22477F80D007D85DA /* UserMedicationDetailVC.swift */ = {isa = PBXFileReference; lastKnownFileType = sourcecode.swift; path = UserMedicationDetailVC.swift; sourceTree = "<group>"; };
		5AB59DE9248701C400E78BD9 /* CustomTextField.swift */ = {isa = PBXFileReference; lastKnownFileType = sourcecode.swift; path = CustomTextField.swift; sourceTree = "<group>"; };
		5ABB84F424880E380037B7B5 /* CustomProgramTextField.swift */ = {isa = PBXFileReference; lastKnownFileType = sourcecode.swift; path = CustomProgramTextField.swift; sourceTree = "<group>"; };
		5AD3E495246D9EC700882154 /* CustomCellHeader.swift */ = {isa = PBXFileReference; lastKnownFileType = sourcecode.swift; path = CustomCellHeader.swift; sourceTree = "<group>"; };
		5AD3E497246DB20500882154 /* CustomCell.swift */ = {isa = PBXFileReference; lastKnownFileType = sourcecode.swift; path = CustomCell.swift; sourceTree = "<group>"; };
		5ADB92D9248E4FF80097F9E1 /* WelcomeView.swift */ = {isa = PBXFileReference; lastKnownFileType = sourcecode.swift; path = WelcomeView.swift; sourceTree = "<group>"; };
		5ADE71372465DED900D42025 /* Base */ = {isa = PBXFileReference; lastKnownFileType = file.storyboard; name = Base; path = "PR-App/Supporting Files/Base.lproj/LaunchScreen.storyboard"; sourceTree = SOURCE_ROOT; };
		5ADFC2C0248402FF008E9282 /* ServiceManager.swift */ = {isa = PBXFileReference; lastKnownFileType = sourcecode.swift; path = ServiceManager.swift; sourceTree = "<group>"; };
		5ADFC2C224854870008E9282 /* NewMedicationView.swift */ = {isa = PBXFileReference; lastKnownFileType = sourcecode.swift; path = NewMedicationView.swift; sourceTree = "<group>"; };
		5ADFC2C424855518008E9282 /* ProgramMedicationView.swift */ = {isa = PBXFileReference; lastKnownFileType = sourcecode.swift; path = ProgramMedicationView.swift; sourceTree = "<group>"; };
		5ADFC2C924856BB7008E9282 /* UserMedicationDetailView.swift */ = {isa = PBXFileReference; lastKnownFileType = sourcecode.swift; path = UserMedicationDetailView.swift; sourceTree = "<group>"; };
		5ADFC2CB24857403008E9282 /* DosageMedicationDetailView.swift */ = {isa = PBXFileReference; lastKnownFileType = sourcecode.swift; path = DosageMedicationDetailView.swift; sourceTree = "<group>"; };
		5AE9EA7E246ACC400090A1D2 /* UserMedicationInfoVC.swift */ = {isa = PBXFileReference; lastKnownFileType = sourcecode.swift; path = UserMedicationInfoVC.swift; sourceTree = "<group>"; };
		5AE9EA80246AD0040090A1D2 /* ReminderForMedicationVC.swift */ = {isa = PBXFileReference; lastKnownFileType = sourcecode.swift; path = ReminderForMedicationVC.swift; sourceTree = "<group>"; };
		5AFED60F2461813400EF7C1A /* PR-App.app */ = {isa = PBXFileReference; explicitFileType = wrapper.application; includeInIndex = 0; path = "PR-App.app"; sourceTree = BUILT_PRODUCTS_DIR; };
		5AFED61C2461813400EF7C1A /* PR_App.xcdatamodel */ = {isa = PBXFileReference; lastKnownFileType = wrapper.xcdatamodel; path = PR_App.xcdatamodel; sourceTree = "<group>"; };
		5AFED61E2461813500EF7C1A /* Assets.xcassets */ = {isa = PBXFileReference; lastKnownFileType = folder.assetcatalog; path = Assets.xcassets; sourceTree = "<group>"; };
		5AFED6282461813500EF7C1A /* PR-AppTests.xctest */ = {isa = PBXFileReference; explicitFileType = wrapper.cfbundle; includeInIndex = 0; path = "PR-AppTests.xctest"; sourceTree = BUILT_PRODUCTS_DIR; };
		5AFED62C2461813500EF7C1A /* PR_AppTests.swift */ = {isa = PBXFileReference; lastKnownFileType = sourcecode.swift; path = PR_AppTests.swift; sourceTree = "<group>"; };
		5AFED62E2461813500EF7C1A /* Info.plist */ = {isa = PBXFileReference; lastKnownFileType = text.plist.xml; path = Info.plist; sourceTree = "<group>"; };
		5AFED6332461813600EF7C1A /* PR-AppUITests.xctest */ = {isa = PBXFileReference; explicitFileType = wrapper.cfbundle; includeInIndex = 0; path = "PR-AppUITests.xctest"; sourceTree = BUILT_PRODUCTS_DIR; };
		5AFED6372461813600EF7C1A /* PR_AppUITests.swift */ = {isa = PBXFileReference; lastKnownFileType = sourcecode.swift; path = PR_AppUITests.swift; sourceTree = "<group>"; };
		5AFED6392461813600EF7C1A /* Info.plist */ = {isa = PBXFileReference; lastKnownFileType = text.plist.xml; path = Info.plist; sourceTree = "<group>"; };
		5AFED64E2461A8F000EF7C1A /* LoginScreenVC.swift */ = {isa = PBXFileReference; lastKnownFileType = sourcecode.swift; path = LoginScreenVC.swift; sourceTree = "<group>"; };
		A7084AF6F581216D47BCB1ED /* Pods_PR_AppTests.framework */ = {isa = PBXFileReference; explicitFileType = wrapper.framework; includeInIndex = 0; path = Pods_PR_AppTests.framework; sourceTree = BUILT_PRODUCTS_DIR; };
		A77F5BA0637CE6A19CF9C06A /* Pods_PR_App_PR_AppUITests.framework */ = {isa = PBXFileReference; explicitFileType = wrapper.framework; includeInIndex = 0; path = Pods_PR_App_PR_AppUITests.framework; sourceTree = BUILT_PRODUCTS_DIR; };
		AAB2497878F4D145EE0D505C /* Pods-PR-App-PR-AppUITests.release.xcconfig */ = {isa = PBXFileReference; includeInIndex = 1; lastKnownFileType = text.xcconfig; name = "Pods-PR-App-PR-AppUITests.release.xcconfig"; path = "Target Support Files/Pods-PR-App-PR-AppUITests/Pods-PR-App-PR-AppUITests.release.xcconfig"; sourceTree = "<group>"; };
		AB217B2F2461CF0B00742EB1 /* Constants.swift */ = {isa = PBXFileReference; lastKnownFileType = sourcecode.swift; path = Constants.swift; sourceTree = "<group>"; };
		AB217B332461FD3100742EB1 /* CustomButton.swift */ = {isa = PBXFileReference; lastKnownFileType = sourcecode.swift; path = CustomButton.swift; sourceTree = "<group>"; };
		ABF726A32463A46100C903B7 /* UIView+Ext.swift */ = {isa = PBXFileReference; lastKnownFileType = sourcecode.swift; path = "UIView+Ext.swift"; sourceTree = "<group>"; };
		D72D656C9EE835B4A67B7E89 /* Pods-PR-App.debug.xcconfig */ = {isa = PBXFileReference; includeInIndex = 1; lastKnownFileType = text.xcconfig; name = "Pods-PR-App.debug.xcconfig"; path = "Target Support Files/Pods-PR-App/Pods-PR-App.debug.xcconfig"; sourceTree = "<group>"; };
/* End PBXFileReference section */

/* Begin PBXFrameworksBuildPhase section */
		5AFED60C2461813400EF7C1A /* Frameworks */ = {
			isa = PBXFrameworksBuildPhase;
			buildActionMask = 2147483647;
			files = (
				11A9607985818A40F1ED106B /* Pods_PR_App.framework in Frameworks */,
			);
			runOnlyForDeploymentPostprocessing = 0;
		};
		5AFED6252461813500EF7C1A /* Frameworks */ = {
			isa = PBXFrameworksBuildPhase;
			buildActionMask = 2147483647;
			files = (
				DFC4C8FDC42BDCD04CFC4977 /* Pods_PR_AppTests.framework in Frameworks */,
			);
			runOnlyForDeploymentPostprocessing = 0;
		};
		5AFED6302461813600EF7C1A /* Frameworks */ = {
			isa = PBXFrameworksBuildPhase;
			buildActionMask = 2147483647;
			files = (
				BBCBC75ED7607B075953F3C7 /* Pods_PR_App_PR_AppUITests.framework in Frameworks */,
			);
			runOnlyForDeploymentPostprocessing = 0;
		};
/* End PBXFrameworksBuildPhase section */

/* Begin PBXGroup section */
		5A1AE7DD247E8D220094F17B /* Cells */ = {
			isa = PBXGroup;
			children = (
				5AD3E497246DB20500882154 /* CustomCell.swift */,
				5AD3E495246D9EC700882154 /* CustomCellHeader.swift */,
			);
			path = Cells;
			sourceTree = "<group>";
		};
		5A1AE7DE247E8D4C0094F17B /* TabBars */ = {
			isa = PBXGroup;
			children = (
				5A582BA32474596700247D19 /* TabBarController.swift */,
			);
			path = TabBars;
			sourceTree = "<group>";
		};
		5A65A73D247C2AE7003003B2 /* Views */ = {
			isa = PBXGroup;
			children = (
				5A893FCF249A2C5D008F69A5 /* CustomInformationView.swift */,
				5ADFC2C224854870008E9282 /* NewMedicationView.swift */,
				5ADFC2C424855518008E9282 /* ProgramMedicationView.swift */,
				5ADFC2C924856BB7008E9282 /* UserMedicationDetailView.swift */,
				5ADFC2CB24857403008E9282 /* DosageMedicationDetailView.swift */,
				5ADB92D9248E4FF80097F9E1 /* WelcomeView.swift */,
			);
			path = Views;
			sourceTree = "<group>";
		};
		5AA9D0A424780753007D85DA /* Labels */ = {
			isa = PBXGroup;
			children = (
				5A582B902474583600247D19 /* CustomLabel.swift */,
			);
			path = Labels;
			sourceTree = "<group>";
		};
		5AA9D0A524780764007D85DA /* TextFields */ = {
			isa = PBXGroup;
			children = (
				5AB59DE9248701C400E78BD9 /* CustomTextField.swift */,
				5ABB84F424880E380037B7B5 /* CustomProgramTextField.swift */,
			);
			path = TextFields;
			sourceTree = "<group>";
		};
		5AA9D0A624781DB2007D85DA /* Buttons */ = {
			isa = PBXGroup;
			children = (
				AB217B332461FD3100742EB1 /* CustomButton.swift */,
			);
			path = Buttons;
			sourceTree = "<group>";
		};
		5ADFC2BC2483FBE7008E9282 /* Model */ = {
			isa = PBXGroup;
			children = (
				5ADFC2C0248402FF008E9282 /* ServiceManager.swift */,
			);
			path = Model;
			sourceTree = "<group>";
		};
		5AE9EA7B246ACAB60090A1D2 /* Custom Views */ = {
			isa = PBXGroup;
			children = (
				5A1AE7DE247E8D4C0094F17B /* TabBars */,
				5A1AE7DD247E8D220094F17B /* Cells */,
				5A65A73D247C2AE7003003B2 /* Views */,
				5AA9D0A624781DB2007D85DA /* Buttons */,
				5AA9D0A524780764007D85DA /* TextFields */,
				5AA9D0A424780753007D85DA /* Labels */,
			);
			path = "Custom Views";
			sourceTree = "<group>";
		};
		5AE9EA7C246ACAC90090A1D2 /* Utills */ = {
			isa = PBXGroup;
			children = (
				AB217B2F2461CF0B00742EB1 /* Constants.swift */,
			);
			path = Utills;
			sourceTree = "<group>";
		};
		5AE9EA7D246ACADF0090A1D2 /* Extensions */ = {
			isa = PBXGroup;
			children = (
				ABF726A32463A46100C903B7 /* UIView+Ext.swift */,
				5A582B8C2473FEFC00247D19 /* UIViewController+EXT.swift */,
			);
			path = Extensions;
			sourceTree = "<group>";
		};
		5AFED6062461813400EF7C1A = {
			isa = PBXGroup;
			children = (
				5AFED6112461813400EF7C1A /* PR-App */,
				5AFED61B2461813400EF7C1A /* PR_App.xcdatamodeld */,
				5AFED62B2461813500EF7C1A /* PR-AppTests */,
				5AFED6362461813600EF7C1A /* PR-AppUITests */,
				5AFED6102461813400EF7C1A /* Products */,
				5AFED6512461A90800EF7C1A /* Supporting Files */,
				9619D881732EA8BAED18863A /* Pods */,
				AFBFC41C52A31F4F83B9CB50 /* Frameworks */,
			);
			sourceTree = "<group>";
		};
		5AFED6102461813400EF7C1A /* Products */ = {
			isa = PBXGroup;
			children = (
				5AFED60F2461813400EF7C1A /* PR-App.app */,
				5AFED6282461813500EF7C1A /* PR-AppTests.xctest */,
				5AFED6332461813600EF7C1A /* PR-AppUITests.xctest */,
			);
			name = Products;
			sourceTree = "<group>";
		};
		5AFED6112461813400EF7C1A /* PR-App */ = {
			isa = PBXGroup;
			children = (
				5ADFC2BC2483FBE7008E9282 /* Model */,
				5AE9EA7D246ACADF0090A1D2 /* Extensions */,
				5AE9EA7C246ACAC90090A1D2 /* Utills */,
				5AE9EA7B246ACAB60090A1D2 /* Custom Views */,
				5AFED6502461A90100EF7C1A /* Controllers */,
			);
			path = "PR-App";
			sourceTree = "<group>";
		};
		5AFED62B2461813500EF7C1A /* PR-AppTests */ = {
			isa = PBXGroup;
			children = (
				5AFED62C2461813500EF7C1A /* PR_AppTests.swift */,
				5AFED62E2461813500EF7C1A /* Info.plist */,
			);
			path = "PR-AppTests";
			sourceTree = "<group>";
		};
		5AFED6362461813600EF7C1A /* PR-AppUITests */ = {
			isa = PBXGroup;
			children = (
				5AFED6372461813600EF7C1A /* PR_AppUITests.swift */,
				5AFED6392461813600EF7C1A /* Info.plist */,
			);
			path = "PR-AppUITests";
			sourceTree = "<group>";
		};
		5AFED6502461A90100EF7C1A /* Controllers */ = {
			isa = PBXGroup;
			children = (
				5AFED64E2461A8F000EF7C1A /* LoginScreenVC.swift */,
				5AE9EA7E246ACC400090A1D2 /* UserMedicationInfoVC.swift */,
				5AA9D0A22477F80D007D85DA /* UserMedicationDetailVC.swift */,
				5AE9EA80246AD0040090A1D2 /* ReminderForMedicationVC.swift */,
				5A1AE7DF247EAB510094F17B /* NewMedicationVC.swift */,
			);
			path = Controllers;
			sourceTree = "<group>";
		};
		5AFED6512461A90800EF7C1A /* Supporting Files */ = {
			isa = PBXGroup;
			children = (
				5A4BA9E42465D105008AF20B /* AppDelegate.swift */,
				5A4BA9E32465D105008AF20B /* SceneDelegate.swift */,
				5A3D003B24727FC200AD1B94 /* GoogleService-Info.plist */,
				5AFED61E2461813500EF7C1A /* Assets.xcassets */,
				5ADE71362465DED900D42025 /* LaunchScreen.storyboard */,
				5A4BA9E72465D11F008AF20B /* Info.plist */,
			);
			path = "Supporting Files";
			sourceTree = "<group>";
		};
		9619D881732EA8BAED18863A /* Pods */ = {
			isa = PBXGroup;
			children = (
				D72D656C9EE835B4A67B7E89 /* Pods-PR-App.debug.xcconfig */,
				4EA5CF23897EDAEE8C7E78DB /* Pods-PR-App.release.xcconfig */,
				3D3A7F9A2F7401B836A70A3A /* Pods-PR-App-PR-AppUITests.debug.xcconfig */,
				AAB2497878F4D145EE0D505C /* Pods-PR-App-PR-AppUITests.release.xcconfig */,
				2CFA8C5FA8F8A684F0F92FBE /* Pods-PR-AppTests.debug.xcconfig */,
				1C4B5D5B33B2FB2861C668D4 /* Pods-PR-AppTests.release.xcconfig */,
			);
			path = Pods;
			sourceTree = "<group>";
		};
		AFBFC41C52A31F4F83B9CB50 /* Frameworks */ = {
			isa = PBXGroup;
			children = (
				25C985CC19C807DB6F119DB1 /* Pods_PR_App.framework */,
				A77F5BA0637CE6A19CF9C06A /* Pods_PR_App_PR_AppUITests.framework */,
				A7084AF6F581216D47BCB1ED /* Pods_PR_AppTests.framework */,
			);
			name = Frameworks;
			sourceTree = "<group>";
		};
/* End PBXGroup section */

/* Begin PBXNativeTarget section */
		5AFED60E2461813400EF7C1A /* PR-App */ = {
			isa = PBXNativeTarget;
			buildConfigurationList = 5AFED63C2461813600EF7C1A /* Build configuration list for PBXNativeTarget "PR-App" */;
			buildPhases = (
				1BF45BCD032EC387D7133A06 /* [CP] Check Pods Manifest.lock */,
				5AFED60B2461813400EF7C1A /* Sources */,
				5AFED60C2461813400EF7C1A /* Frameworks */,
				5AFED60D2461813400EF7C1A /* Resources */,
				E3301A75405619DC6BB8A833 /* [CP] Embed Pods Frameworks */,
			);
			buildRules = (
			);
			dependencies = (
			);
			name = "PR-App";
			productName = "PR-App";
			productReference = 5AFED60F2461813400EF7C1A /* PR-App.app */;
			productType = "com.apple.product-type.application";
		};
		5AFED6272461813500EF7C1A /* PR-AppTests */ = {
			isa = PBXNativeTarget;
			buildConfigurationList = 5AFED63F2461813600EF7C1A /* Build configuration list for PBXNativeTarget "PR-AppTests" */;
			buildPhases = (
				B7CB9E9F7980244A5E863167 /* [CP] Check Pods Manifest.lock */,
				5AFED6242461813500EF7C1A /* Sources */,
				5AFED6252461813500EF7C1A /* Frameworks */,
				5AFED6262461813500EF7C1A /* Resources */,
			);
			buildRules = (
			);
			dependencies = (
				5AFED62A2461813500EF7C1A /* PBXTargetDependency */,
			);
			name = "PR-AppTests";
			productName = "PR-AppTests";
			productReference = 5AFED6282461813500EF7C1A /* PR-AppTests.xctest */;
			productType = "com.apple.product-type.bundle.unit-test";
		};
		5AFED6322461813600EF7C1A /* PR-AppUITests */ = {
			isa = PBXNativeTarget;
			buildConfigurationList = 5AFED6422461813600EF7C1A /* Build configuration list for PBXNativeTarget "PR-AppUITests" */;
			buildPhases = (
				A7643611CAF39186AF6C48B9 /* [CP] Check Pods Manifest.lock */,
				5AFED62F2461813600EF7C1A /* Sources */,
				5AFED6302461813600EF7C1A /* Frameworks */,
				5AFED6312461813600EF7C1A /* Resources */,
				7C043B0A1E846F92DF9DF269 /* [CP] Embed Pods Frameworks */,
			);
			buildRules = (
			);
			dependencies = (
				5AFED6352461813600EF7C1A /* PBXTargetDependency */,
			);
			name = "PR-AppUITests";
			productName = "PR-AppUITests";
			productReference = 5AFED6332461813600EF7C1A /* PR-AppUITests.xctest */;
			productType = "com.apple.product-type.bundle.ui-testing";
		};
/* End PBXNativeTarget section */

/* Begin PBXProject section */
		5AFED6072461813400EF7C1A /* Project object */ = {
			isa = PBXProject;
			attributes = {
				LastSwiftUpdateCheck = 1130;
				LastUpgradeCheck = 1140;
				ORGANIZATIONNAME = "Jakub Homik";
				TargetAttributes = {
					5AFED60E2461813400EF7C1A = {
						CreatedOnToolsVersion = 11.3.1;
					};
					5AFED6272461813500EF7C1A = {
						CreatedOnToolsVersion = 11.3.1;
						TestTargetID = 5AFED60E2461813400EF7C1A;
					};
					5AFED6322461813600EF7C1A = {
						CreatedOnToolsVersion = 11.3.1;
						TestTargetID = 5AFED60E2461813400EF7C1A;
					};
				};
			};
			buildConfigurationList = 5AFED60A2461813400EF7C1A /* Build configuration list for PBXProject "PR-App" */;
			compatibilityVersion = "Xcode 9.3";
			developmentRegion = en;
			hasScannedForEncodings = 0;
			knownRegions = (
				en,
				Base,
			);
			mainGroup = 5AFED6062461813400EF7C1A;
			productRefGroup = 5AFED6102461813400EF7C1A /* Products */;
			projectDirPath = "";
			projectRoot = "";
			targets = (
				5AFED60E2461813400EF7C1A /* PR-App */,
				5AFED6272461813500EF7C1A /* PR-AppTests */,
				5AFED6322461813600EF7C1A /* PR-AppUITests */,
			);
		};
/* End PBXProject section */

/* Begin PBXResourcesBuildPhase section */
		5AFED60D2461813400EF7C1A /* Resources */ = {
			isa = PBXResourcesBuildPhase;
			buildActionMask = 2147483647;
			files = (
				5AFED61F2461813500EF7C1A /* Assets.xcassets in Resources */,
				5ADE71382465DED900D42025 /* LaunchScreen.storyboard in Resources */,
				5A3D003C24727FC300AD1B94 /* GoogleService-Info.plist in Resources */,
			);
			runOnlyForDeploymentPostprocessing = 0;
		};
		5AFED6262461813500EF7C1A /* Resources */ = {
			isa = PBXResourcesBuildPhase;
			buildActionMask = 2147483647;
			files = (
			);
			runOnlyForDeploymentPostprocessing = 0;
		};
		5AFED6312461813600EF7C1A /* Resources */ = {
			isa = PBXResourcesBuildPhase;
			buildActionMask = 2147483647;
			files = (
			);
			runOnlyForDeploymentPostprocessing = 0;
		};
/* End PBXResourcesBuildPhase section */

/* Begin PBXShellScriptBuildPhase section */
		1BF45BCD032EC387D7133A06 /* [CP] Check Pods Manifest.lock */ = {
			isa = PBXShellScriptBuildPhase;
			buildActionMask = 2147483647;
			files = (
			);
			inputFileListPaths = (
			);
			inputPaths = (
				"${PODS_PODFILE_DIR_PATH}/Podfile.lock",
				"${PODS_ROOT}/Manifest.lock",
			);
			name = "[CP] Check Pods Manifest.lock";
			outputFileListPaths = (
			);
			outputPaths = (
				"$(DERIVED_FILE_DIR)/Pods-PR-App-checkManifestLockResult.txt",
			);
			runOnlyForDeploymentPostprocessing = 0;
			shellPath = /bin/sh;
			shellScript = "diff \"${PODS_PODFILE_DIR_PATH}/Podfile.lock\" \"${PODS_ROOT}/Manifest.lock\" > /dev/null\nif [ $? != 0 ] ; then\n    # print error to STDERR\n    echo \"error: The sandbox is not in sync with the Podfile.lock. Run 'pod install' or update your CocoaPods installation.\" >&2\n    exit 1\nfi\n# This output is used by Xcode 'outputs' to avoid re-running this script phase.\necho \"SUCCESS\" > \"${SCRIPT_OUTPUT_FILE_0}\"\n";
			showEnvVarsInLog = 0;
		};
		7C043B0A1E846F92DF9DF269 /* [CP] Embed Pods Frameworks */ = {
			isa = PBXShellScriptBuildPhase;
			buildActionMask = 2147483647;
			files = (
			);
			inputFileListPaths = (
				"${PODS_ROOT}/Target Support Files/Pods-PR-App-PR-AppUITests/Pods-PR-App-PR-AppUITests-frameworks-${CONFIGURATION}-input-files.xcfilelist",
			);
			name = "[CP] Embed Pods Frameworks";
			outputFileListPaths = (
				"${PODS_ROOT}/Target Support Files/Pods-PR-App-PR-AppUITests/Pods-PR-App-PR-AppUITests-frameworks-${CONFIGURATION}-output-files.xcfilelist",
			);
			runOnlyForDeploymentPostprocessing = 0;
			shellPath = /bin/sh;
			shellScript = "\"${PODS_ROOT}/Target Support Files/Pods-PR-App-PR-AppUITests/Pods-PR-App-PR-AppUITests-frameworks.sh\"\n";
			showEnvVarsInLog = 0;
		};
		A7643611CAF39186AF6C48B9 /* [CP] Check Pods Manifest.lock */ = {
			isa = PBXShellScriptBuildPhase;
			buildActionMask = 2147483647;
			files = (
			);
			inputFileListPaths = (
			);
			inputPaths = (
				"${PODS_PODFILE_DIR_PATH}/Podfile.lock",
				"${PODS_ROOT}/Manifest.lock",
			);
			name = "[CP] Check Pods Manifest.lock";
			outputFileListPaths = (
			);
			outputPaths = (
				"$(DERIVED_FILE_DIR)/Pods-PR-App-PR-AppUITests-checkManifestLockResult.txt",
			);
			runOnlyForDeploymentPostprocessing = 0;
			shellPath = /bin/sh;
			shellScript = "diff \"${PODS_PODFILE_DIR_PATH}/Podfile.lock\" \"${PODS_ROOT}/Manifest.lock\" > /dev/null\nif [ $? != 0 ] ; then\n    # print error to STDERR\n    echo \"error: The sandbox is not in sync with the Podfile.lock. Run 'pod install' or update your CocoaPods installation.\" >&2\n    exit 1\nfi\n# This output is used by Xcode 'outputs' to avoid re-running this script phase.\necho \"SUCCESS\" > \"${SCRIPT_OUTPUT_FILE_0}\"\n";
			showEnvVarsInLog = 0;
		};
		B7CB9E9F7980244A5E863167 /* [CP] Check Pods Manifest.lock */ = {
			isa = PBXShellScriptBuildPhase;
			buildActionMask = 2147483647;
			files = (
			);
			inputFileListPaths = (
			);
			inputPaths = (
				"${PODS_PODFILE_DIR_PATH}/Podfile.lock",
				"${PODS_ROOT}/Manifest.lock",
			);
			name = "[CP] Check Pods Manifest.lock";
			outputFileListPaths = (
			);
			outputPaths = (
				"$(DERIVED_FILE_DIR)/Pods-PR-AppTests-checkManifestLockResult.txt",
			);
			runOnlyForDeploymentPostprocessing = 0;
			shellPath = /bin/sh;
			shellScript = "diff \"${PODS_PODFILE_DIR_PATH}/Podfile.lock\" \"${PODS_ROOT}/Manifest.lock\" > /dev/null\nif [ $? != 0 ] ; then\n    # print error to STDERR\n    echo \"error: The sandbox is not in sync with the Podfile.lock. Run 'pod install' or update your CocoaPods installation.\" >&2\n    exit 1\nfi\n# This output is used by Xcode 'outputs' to avoid re-running this script phase.\necho \"SUCCESS\" > \"${SCRIPT_OUTPUT_FILE_0}\"\n";
			showEnvVarsInLog = 0;
		};
		E3301A75405619DC6BB8A833 /* [CP] Embed Pods Frameworks */ = {
			isa = PBXShellScriptBuildPhase;
			buildActionMask = 2147483647;
			files = (
			);
			inputFileListPaths = (
				"${PODS_ROOT}/Target Support Files/Pods-PR-App/Pods-PR-App-frameworks-${CONFIGURATION}-input-files.xcfilelist",
			);
			name = "[CP] Embed Pods Frameworks";
			outputFileListPaths = (
				"${PODS_ROOT}/Target Support Files/Pods-PR-App/Pods-PR-App-frameworks-${CONFIGURATION}-output-files.xcfilelist",
			);
			runOnlyForDeploymentPostprocessing = 0;
			shellPath = /bin/sh;
			shellScript = "\"${PODS_ROOT}/Target Support Files/Pods-PR-App/Pods-PR-App-frameworks.sh\"\n";
			showEnvVarsInLog = 0;
		};
/* End PBXShellScriptBuildPhase section */

/* Begin PBXSourcesBuildPhase section */
		5AFED60B2461813400EF7C1A /* Sources */ = {
			isa = PBXSourcesBuildPhase;
			buildActionMask = 2147483647;
			files = (
				5AA9D0A32477F80D007D85DA /* UserMedicationDetailVC.swift in Sources */,
				5AD3E496246D9EC700882154 /* CustomCellHeader.swift in Sources */,
				5A6A118B2473D1FF006E4B2F /* (null) in Sources */,
				ABF726A42463A46100C903B7 /* UIView+Ext.swift in Sources */,
				AB217B302461CF0B00742EB1 /* Constants.swift in Sources */,
				5ADB92DA248E4FF80097F9E1 /* WelcomeView.swift in Sources */,
				5A582BA42474596700247D19 /* TabBarController.swift in Sources */,
				5ADFC2C324854870008E9282 /* NewMedicationView.swift in Sources */,
				5ADFC2CC24857403008E9282 /* DosageMedicationDetailView.swift in Sources */,
				5ADFC2C1248402FF008E9282 /* ServiceManager.swift in Sources */,
				5ADFC2C524855518008E9282 /* ProgramMedicationView.swift in Sources */,
				5A4BA9E52465D105008AF20B /* SceneDelegate.swift in Sources */,
				5AFED64F2461A8F000EF7C1A /* LoginScreenVC.swift in Sources */,
				5ABB84F524880E380037B7B5 /* CustomProgramTextField.swift in Sources */,
				5ADFC2CA24856BB7008E9282 /* UserMedicationDetailView.swift in Sources */,
				5A893FD0249A2C5D008F69A5 /* CustomInformationView.swift in Sources */,
				5AE9EA7F246ACC400090A1D2 /* UserMedicationInfoVC.swift in Sources */,
				5AB59DEA248701C400E78BD9 /* CustomTextField.swift in Sources */,
				5AE9EA81246AD0040090A1D2 /* ReminderForMedicationVC.swift in Sources */,
				5AFED61D2461813400EF7C1A /* PR_App.xcdatamodeld in Sources */,
				5A582B8D2473FEFC00247D19 /* UIViewController+EXT.swift in Sources */,
				5A1AE7E0247EAB510094F17B /* NewMedicationVC.swift in Sources */,
				AB217B342461FD3100742EB1 /* CustomButton.swift in Sources */,
				5AD3E498246DB20500882154 /* CustomCell.swift in Sources */,
				5A582B9A2474583700247D19 /* CustomLabel.swift in Sources */,
				5A4BA9E62465D105008AF20B /* AppDelegate.swift in Sources */,
			);
			runOnlyForDeploymentPostprocessing = 0;
		};
		5AFED6242461813500EF7C1A /* Sources */ = {
			isa = PBXSourcesBuildPhase;
			buildActionMask = 2147483647;
			files = (
				5AFED62D2461813500EF7C1A /* PR_AppTests.swift in Sources */,
			);
			runOnlyForDeploymentPostprocessing = 0;
		};
		5AFED62F2461813600EF7C1A /* Sources */ = {
			isa = PBXSourcesBuildPhase;
			buildActionMask = 2147483647;
			files = (
				5AFED6382461813600EF7C1A /* PR_AppUITests.swift in Sources */,
			);
			runOnlyForDeploymentPostprocessing = 0;
		};
/* End PBXSourcesBuildPhase section */

/* Begin PBXTargetDependency section */
		5AFED62A2461813500EF7C1A /* PBXTargetDependency */ = {
			isa = PBXTargetDependency;
			target = 5AFED60E2461813400EF7C1A /* PR-App */;
			targetProxy = 5AFED6292461813500EF7C1A /* PBXContainerItemProxy */;
		};
		5AFED6352461813600EF7C1A /* PBXTargetDependency */ = {
			isa = PBXTargetDependency;
			target = 5AFED60E2461813400EF7C1A /* PR-App */;
			targetProxy = 5AFED6342461813600EF7C1A /* PBXContainerItemProxy */;
		};
/* End PBXTargetDependency section */

/* Begin PBXVariantGroup section */
		5ADE71362465DED900D42025 /* LaunchScreen.storyboard */ = {
			isa = PBXVariantGroup;
			children = (
				5ADE71372465DED900D42025 /* Base */,
			);
			name = LaunchScreen.storyboard;
			sourceTree = "<group>";
		};
/* End PBXVariantGroup section */

/* Begin XCBuildConfiguration section */
		5AFED63A2461813600EF7C1A /* Debug */ = {
			isa = XCBuildConfiguration;
			buildSettings = {
				ALWAYS_SEARCH_USER_PATHS = NO;
				CLANG_ANALYZER_NONNULL = YES;
				CLANG_ANALYZER_NUMBER_OBJECT_CONVERSION = YES_AGGRESSIVE;
				CLANG_CXX_LANGUAGE_STANDARD = "gnu++14";
				CLANG_CXX_LIBRARY = "libc++";
				CLANG_ENABLE_MODULES = YES;
				CLANG_ENABLE_OBJC_ARC = YES;
				CLANG_ENABLE_OBJC_WEAK = YES;
				CLANG_WARN_BLOCK_CAPTURE_AUTORELEASING = YES;
				CLANG_WARN_BOOL_CONVERSION = YES;
				CLANG_WARN_COMMA = YES;
				CLANG_WARN_CONSTANT_CONVERSION = YES;
				CLANG_WARN_DEPRECATED_OBJC_IMPLEMENTATIONS = YES;
				CLANG_WARN_DIRECT_OBJC_ISA_USAGE = YES_ERROR;
				CLANG_WARN_DOCUMENTATION_COMMENTS = YES;
				CLANG_WARN_EMPTY_BODY = YES;
				CLANG_WARN_ENUM_CONVERSION = YES;
				CLANG_WARN_INFINITE_RECURSION = YES;
				CLANG_WARN_INT_CONVERSION = YES;
				CLANG_WARN_NON_LITERAL_NULL_CONVERSION = YES;
				CLANG_WARN_OBJC_IMPLICIT_RETAIN_SELF = YES;
				CLANG_WARN_OBJC_LITERAL_CONVERSION = YES;
				CLANG_WARN_OBJC_ROOT_CLASS = YES_ERROR;
				CLANG_WARN_RANGE_LOOP_ANALYSIS = YES;
				CLANG_WARN_STRICT_PROTOTYPES = YES;
				CLANG_WARN_SUSPICIOUS_MOVE = YES;
				CLANG_WARN_UNGUARDED_AVAILABILITY = YES_AGGRESSIVE;
				CLANG_WARN_UNREACHABLE_CODE = YES;
				CLANG_WARN__DUPLICATE_METHOD_MATCH = YES;
				COPY_PHASE_STRIP = NO;
				DEBUG_INFORMATION_FORMAT = dwarf;
				ENABLE_STRICT_OBJC_MSGSEND = YES;
				ENABLE_TESTABILITY = YES;
				GCC_C_LANGUAGE_STANDARD = gnu11;
				GCC_DYNAMIC_NO_PIC = NO;
				GCC_NO_COMMON_BLOCKS = YES;
				GCC_OPTIMIZATION_LEVEL = 0;
				GCC_PREPROCESSOR_DEFINITIONS = (
					"DEBUG=1",
					"$(inherited)",
				);
				GCC_WARN_64_TO_32_BIT_CONVERSION = YES;
				GCC_WARN_ABOUT_RETURN_TYPE = YES_ERROR;
				GCC_WARN_UNDECLARED_SELECTOR = YES;
				GCC_WARN_UNINITIALIZED_AUTOS = YES_AGGRESSIVE;
				GCC_WARN_UNUSED_FUNCTION = YES;
				GCC_WARN_UNUSED_VARIABLE = YES;
				IPHONEOS_DEPLOYMENT_TARGET = 13.2;
				MTL_ENABLE_DEBUG_INFO = INCLUDE_SOURCE;
				MTL_FAST_MATH = YES;
				ONLY_ACTIVE_ARCH = YES;
				SDKROOT = iphoneos;
				SWIFT_ACTIVE_COMPILATION_CONDITIONS = DEBUG;
				SWIFT_OPTIMIZATION_LEVEL = "-Onone";
			};
			name = Debug;
		};
		5AFED63B2461813600EF7C1A /* Release */ = {
			isa = XCBuildConfiguration;
			buildSettings = {
				ALWAYS_SEARCH_USER_PATHS = NO;
				CLANG_ANALYZER_NONNULL = YES;
				CLANG_ANALYZER_NUMBER_OBJECT_CONVERSION = YES_AGGRESSIVE;
				CLANG_CXX_LANGUAGE_STANDARD = "gnu++14";
				CLANG_CXX_LIBRARY = "libc++";
				CLANG_ENABLE_MODULES = YES;
				CLANG_ENABLE_OBJC_ARC = YES;
				CLANG_ENABLE_OBJC_WEAK = YES;
				CLANG_WARN_BLOCK_CAPTURE_AUTORELEASING = YES;
				CLANG_WARN_BOOL_CONVERSION = YES;
				CLANG_WARN_COMMA = YES;
				CLANG_WARN_CONSTANT_CONVERSION = YES;
				CLANG_WARN_DEPRECATED_OBJC_IMPLEMENTATIONS = YES;
				CLANG_WARN_DIRECT_OBJC_ISA_USAGE = YES_ERROR;
				CLANG_WARN_DOCUMENTATION_COMMENTS = YES;
				CLANG_WARN_EMPTY_BODY = YES;
				CLANG_WARN_ENUM_CONVERSION = YES;
				CLANG_WARN_INFINITE_RECURSION = YES;
				CLANG_WARN_INT_CONVERSION = YES;
				CLANG_WARN_NON_LITERAL_NULL_CONVERSION = YES;
				CLANG_WARN_OBJC_IMPLICIT_RETAIN_SELF = YES;
				CLANG_WARN_OBJC_LITERAL_CONVERSION = YES;
				CLANG_WARN_OBJC_ROOT_CLASS = YES_ERROR;
				CLANG_WARN_RANGE_LOOP_ANALYSIS = YES;
				CLANG_WARN_STRICT_PROTOTYPES = YES;
				CLANG_WARN_SUSPICIOUS_MOVE = YES;
				CLANG_WARN_UNGUARDED_AVAILABILITY = YES_AGGRESSIVE;
				CLANG_WARN_UNREACHABLE_CODE = YES;
				CLANG_WARN__DUPLICATE_METHOD_MATCH = YES;
				COPY_PHASE_STRIP = NO;
				DEBUG_INFORMATION_FORMAT = "dwarf-with-dsym";
				ENABLE_NS_ASSERTIONS = NO;
				ENABLE_STRICT_OBJC_MSGSEND = YES;
				GCC_C_LANGUAGE_STANDARD = gnu11;
				GCC_NO_COMMON_BLOCKS = YES;
				GCC_WARN_64_TO_32_BIT_CONVERSION = YES;
				GCC_WARN_ABOUT_RETURN_TYPE = YES_ERROR;
				GCC_WARN_UNDECLARED_SELECTOR = YES;
				GCC_WARN_UNINITIALIZED_AUTOS = YES_AGGRESSIVE;
				GCC_WARN_UNUSED_FUNCTION = YES;
				GCC_WARN_UNUSED_VARIABLE = YES;
				IPHONEOS_DEPLOYMENT_TARGET = 13.2;
				MTL_ENABLE_DEBUG_INFO = NO;
				MTL_FAST_MATH = YES;
				SDKROOT = iphoneos;
				SWIFT_COMPILATION_MODE = wholemodule;
				SWIFT_OPTIMIZATION_LEVEL = "-O";
				VALIDATE_PRODUCT = YES;
			};
			name = Release;
		};
		5AFED63D2461813600EF7C1A /* Debug */ = {
			isa = XCBuildConfiguration;
			baseConfigurationReference = D72D656C9EE835B4A67B7E89 /* Pods-PR-App.debug.xcconfig */;
			buildSettings = {
				ASSETCATALOG_COMPILER_APPICON_NAME = AppIcon;
				CODE_SIGN_STYLE = Automatic;
				DEVELOPMENT_TEAM = 3RTGVGP453;
				INFOPLIST_FILE = "PR-App/Supporting Files/Info.plist";
				LD_RUNPATH_SEARCH_PATHS = (
					"$(inherited)",
					"@executable_path/Frameworks",
				);
				PRODUCT_BUNDLE_IDENTIFIER = "com.jakubhomik.PR-App";
				PRODUCT_NAME = "$(TARGET_NAME)";
				SWIFT_VERSION = 5.0;
				TARGETED_DEVICE_FAMILY = "1,2";
			};
			name = Debug;
		};
		5AFED63E2461813600EF7C1A /* Release */ = {
			isa = XCBuildConfiguration;
			baseConfigurationReference = 4EA5CF23897EDAEE8C7E78DB /* Pods-PR-App.release.xcconfig */;
			buildSettings = {
				ASSETCATALOG_COMPILER_APPICON_NAME = AppIcon;
				CODE_SIGN_STYLE = Automatic;
				DEVELOPMENT_TEAM = 3RTGVGP453;
				INFOPLIST_FILE = "PR-App/Supporting Files/Info.plist";
				LD_RUNPATH_SEARCH_PATHS = (
					"$(inherited)",
					"@executable_path/Frameworks",
				);
				PRODUCT_BUNDLE_IDENTIFIER = "com.jakubhomik.PR-App";
				PRODUCT_NAME = "$(TARGET_NAME)";
				SWIFT_VERSION = 5.0;
				TARGETED_DEVICE_FAMILY = "1,2";
			};
			name = Release;
		};
		5AFED6402461813600EF7C1A /* Debug */ = {
			isa = XCBuildConfiguration;
			baseConfigurationReference = 2CFA8C5FA8F8A684F0F92FBE /* Pods-PR-AppTests.debug.xcconfig */;
			buildSettings = {
				ALWAYS_EMBED_SWIFT_STANDARD_LIBRARIES = YES;
				BUNDLE_LOADER = "$(TEST_HOST)";
				CODE_SIGN_STYLE = Automatic;
				DEVELOPMENT_TEAM = 3RTGVGP453;
				INFOPLIST_FILE = "PR-AppTests/Info.plist";
				IPHONEOS_DEPLOYMENT_TARGET = 13.2;
				LD_RUNPATH_SEARCH_PATHS = (
					"$(inherited)",
					"@executable_path/Frameworks",
					"@loader_path/Frameworks",
				);
				PRODUCT_BUNDLE_IDENTIFIER = "com.jakubhomik.PR-AppTests";
				PRODUCT_NAME = "$(TARGET_NAME)";
				SWIFT_VERSION = 5.0;
				TARGETED_DEVICE_FAMILY = "1,2";
				TEST_HOST = "$(BUILT_PRODUCTS_DIR)/PR-App.app/PR-App";
			};
			name = Debug;
		};
		5AFED6412461813600EF7C1A /* Release */ = {
			isa = XCBuildConfiguration;
			baseConfigurationReference = 1C4B5D5B33B2FB2861C668D4 /* Pods-PR-AppTests.release.xcconfig */;
			buildSettings = {
				ALWAYS_EMBED_SWIFT_STANDARD_LIBRARIES = YES;
				BUNDLE_LOADER = "$(TEST_HOST)";
				CODE_SIGN_STYLE = Automatic;
				DEVELOPMENT_TEAM = 3RTGVGP453;
				INFOPLIST_FILE = "PR-AppTests/Info.plist";
				IPHONEOS_DEPLOYMENT_TARGET = 13.2;
				LD_RUNPATH_SEARCH_PATHS = (
					"$(inherited)",
					"@executable_path/Frameworks",
					"@loader_path/Frameworks",
				);
				PRODUCT_BUNDLE_IDENTIFIER = "com.jakubhomik.PR-AppTests";
				PRODUCT_NAME = "$(TARGET_NAME)";
				SWIFT_VERSION = 5.0;
				TARGETED_DEVICE_FAMILY = "1,2";
				TEST_HOST = "$(BUILT_PRODUCTS_DIR)/PR-App.app/PR-App";
			};
			name = Release;
		};
		5AFED6432461813600EF7C1A /* Debug */ = {
			isa = XCBuildConfiguration;
			baseConfigurationReference = 3D3A7F9A2F7401B836A70A3A /* Pods-PR-App-PR-AppUITests.debug.xcconfig */;
			buildSettings = {
				ALWAYS_EMBED_SWIFT_STANDARD_LIBRARIES = YES;
				CODE_SIGN_STYLE = Automatic;
				DEVELOPMENT_TEAM = 3RTGVGP453;
				INFOPLIST_FILE = "PR-AppUITests/Info.plist";
				LD_RUNPATH_SEARCH_PATHS = (
					"$(inherited)",
					"@executable_path/Frameworks",
					"@loader_path/Frameworks",
				);
				PRODUCT_BUNDLE_IDENTIFIER = "com.jakubhomik.PR-AppUITests";
				PRODUCT_NAME = "$(TARGET_NAME)";
				SWIFT_VERSION = 5.0;
				TARGETED_DEVICE_FAMILY = "1,2";
				TEST_TARGET_NAME = "PR-App";
			};
			name = Debug;
		};
		5AFED6442461813600EF7C1A /* Release */ = {
			isa = XCBuildConfiguration;
			baseConfigurationReference = AAB2497878F4D145EE0D505C /* Pods-PR-App-PR-AppUITests.release.xcconfig */;
			buildSettings = {
				ALWAYS_EMBED_SWIFT_STANDARD_LIBRARIES = YES;
				CODE_SIGN_STYLE = Automatic;
				DEVELOPMENT_TEAM = 3RTGVGP453;
				INFOPLIST_FILE = "PR-AppUITests/Info.plist";
				LD_RUNPATH_SEARCH_PATHS = (
					"$(inherited)",
					"@executable_path/Frameworks",
					"@loader_path/Frameworks",
				);
				PRODUCT_BUNDLE_IDENTIFIER = "com.jakubhomik.PR-AppUITests";
				PRODUCT_NAME = "$(TARGET_NAME)";
				SWIFT_VERSION = 5.0;
				TARGETED_DEVICE_FAMILY = "1,2";
				TEST_TARGET_NAME = "PR-App";
			};
			name = Release;
		};
/* End XCBuildConfiguration section */

/* Begin XCConfigurationList section */
		5AFED60A2461813400EF7C1A /* Build configuration list for PBXProject "PR-App" */ = {
			isa = XCConfigurationList;
			buildConfigurations = (
				5AFED63A2461813600EF7C1A /* Debug */,
				5AFED63B2461813600EF7C1A /* Release */,
			);
			defaultConfigurationIsVisible = 0;
			defaultConfigurationName = Release;
		};
		5AFED63C2461813600EF7C1A /* Build configuration list for PBXNativeTarget "PR-App" */ = {
			isa = XCConfigurationList;
			buildConfigurations = (
				5AFED63D2461813600EF7C1A /* Debug */,
				5AFED63E2461813600EF7C1A /* Release */,
			);
			defaultConfigurationIsVisible = 0;
			defaultConfigurationName = Release;
		};
		5AFED63F2461813600EF7C1A /* Build configuration list for PBXNativeTarget "PR-AppTests" */ = {
			isa = XCConfigurationList;
			buildConfigurations = (
				5AFED6402461813600EF7C1A /* Debug */,
				5AFED6412461813600EF7C1A /* Release */,
			);
			defaultConfigurationIsVisible = 0;
			defaultConfigurationName = Release;
		};
		5AFED6422461813600EF7C1A /* Build configuration list for PBXNativeTarget "PR-AppUITests" */ = {
			isa = XCConfigurationList;
			buildConfigurations = (
				5AFED6432461813600EF7C1A /* Debug */,
				5AFED6442461813600EF7C1A /* Release */,
			);
			defaultConfigurationIsVisible = 0;
			defaultConfigurationName = Release;
		};
/* End XCConfigurationList section */

/* Begin XCVersionGroup section */
		5AFED61B2461813400EF7C1A /* PR_App.xcdatamodeld */ = {
			isa = XCVersionGroup;
			children = (
				5AFED61C2461813400EF7C1A /* PR_App.xcdatamodel */,
			);
			currentVersion = 5AFED61C2461813400EF7C1A /* PR_App.xcdatamodel */;
			path = PR_App.xcdatamodeld;
			sourceTree = "<group>";
			versionGroupType = wrapper.xcdatamodel;
		};
/* End XCVersionGroup section */
	};
	rootObject = 5AFED6072461813400EF7C1A /* Project object */;
}
